{
  "originHash" : "3c000b73fbec03fd047682022ccf98d1b2e50c527b016e1d0d54ae0a5a45decb",
  "pins" : [
    {
      "identity" : "codeeditsymbols",
      "kind" : "remoteSourceControl",
      "location" : "https://github.com/CodeEditApp/CodeEditSymbols.git",
      "state" : {
        "revision" : "ae69712b08571c4469c2ed5cd38ad9f19439793e",
        "version" : "0.2.3"
      }
    }
  ],
  "version" : 3
}
