// !$*UTF8*$!
{
	archiveVersion = 1;
	classes = {
	};
	objectVersion = 55;
	objects = {

/* Begin PBXBuildFile section */
		043C321427E31FF6006AE443 /* CodeEditDocumentController.swift in Sources */ = {isa = PBXBuildFile; fileRef = 043C321327E31FF6006AE443 /* CodeEditDocumentController.swift */; };
		043C321627E3201F006AE443 /* WorkspaceDocument.swift in Sources */ = {isa = PBXBuildFile; fileRef = 043C321527E3201F006AE443 /* WorkspaceDocument.swift */; };
		043C321A27E32295006AE443 /* MainMenu.xib in Resources */ = {isa = PBXBuildFile; fileRef = 043C321927E32295006AE443 /* MainMenu.xib */; };
		04540D5B27DD08C300E91B77 /* SettingsView.swift in Sources */ = {isa = PBXBuildFile; fileRef = 04F2BF0E27DBB28E0024EAB1 /* SettingsView.swift */; };
		04540D5C27DD08C300E91B77 /* GeneralSettingsView.swift in Sources */ = {isa = PBXBuildFile; fileRef = 04F2BF1127DBB3C10024EAB1 /* GeneralSettingsView.swift */; };
		04540D5E27DD08C300E91B77 /* WorkspaceView.swift in Sources */ = {isa = PBXBuildFile; fileRef = B658FB3127DA9E0F00EA4DBD /* WorkspaceView.swift */; };
		04660F6427E3ACAF00477777 /* Appearances.swift in Sources */ = {isa = PBXBuildFile; fileRef = 04660F6327E3ACAF00477777 /* Appearances.swift */; };
		04660F6627E3ACEF00477777 /* ReopenBehavior.swift in Sources */ = {isa = PBXBuildFile; fileRef = 04660F6527E3ACEF00477777 /* ReopenBehavior.swift */; };
		04660F6A27E51E5C00477777 /* CodeEditWindowController.swift in Sources */ = {isa = PBXBuildFile; fileRef = 04660F6927E51E5C00477777 /* CodeEditWindowController.swift */; };
		286620A527E4AB6900E18C2B /* BreadcrumbsComponent.swift in Sources */ = {isa = PBXBuildFile; fileRef = 286620A427E4AB6900E18C2B /* BreadcrumbsComponent.swift */; };
		2875A46D27E3BE5B007805F8 /* BreadcrumbsView.swift in Sources */ = {isa = PBXBuildFile; fileRef = 2875A46C27E3BE5B007805F8 /* BreadcrumbsView.swift */; };
		287776E727E3413200D46668 /* SideBar.swift in Sources */ = {isa = PBXBuildFile; fileRef = 287776E627E3413200D46668 /* SideBar.swift */; };
		287776E927E34BC700D46668 /* TabBar.swift in Sources */ = {isa = PBXBuildFile; fileRef = 287776E827E34BC700D46668 /* TabBar.swift */; };
		287776ED27E350D800D46668 /* SideBarItem.swift in Sources */ = {isa = PBXBuildFile; fileRef = 287776EC27E350D800D46668 /* SideBarItem.swift */; };
		287776EF27E3515300D46668 /* TabBarItem.swift in Sources */ = {isa = PBXBuildFile; fileRef = 287776EE27E3515300D46668 /* TabBarItem.swift */; };
		289978ED27E4E97E00BB0357 /* FileIconStyle.swift in Sources */ = {isa = PBXBuildFile; fileRef = 289978EC27E4E97E00BB0357 /* FileIconStyle.swift */; };
		28B0A19827E385C300B73177 /* SideBarToolbarTop.swift in Sources */ = {isa = PBXBuildFile; fileRef = 28B0A19727E385C300B73177 /* SideBarToolbarTop.swift */; };
		28FFE1BF27E3A441001939DB /* SideBarToolbarBottom.swift in Sources */ = {isa = PBXBuildFile; fileRef = 28FFE1BE27E3A441001939DB /* SideBarToolbarBottom.swift */; };
		2B7A583527E4BA0100D25D4E /* AppDelegate.swift in Sources */ = {isa = PBXBuildFile; fileRef = 0468438427DC76E200F8E88E /* AppDelegate.swift */; };
		345F667527DF6C180069BD69 /* FileTabRow.swift in Sources */ = {isa = PBXBuildFile; fileRef = 345F667427DF6C180069BD69 /* FileTabRow.swift */; };
		34EE19BE27E0469C00F152CE /* BlurView.swift in Sources */ = {isa = PBXBuildFile; fileRef = 34EE19BD27E0469C00F152CE /* BlurView.swift */; };
		5C403B8F27E20F8000788241 /* WorkspaceClient in Frameworks */ = {isa = PBXBuildFile; productRef = 5C403B8E27E20F8000788241 /* WorkspaceClient */; };
		5CF38A5E27E48E6C0096A0F7 /* CodeFile in Frameworks */ = {isa = PBXBuildFile; productRef = 5CF38A5D27E48E6C0096A0F7 /* CodeFile */; };
		B658FB3427DA9E1000EA4DBD /* Assets.xcassets in Resources */ = {isa = PBXBuildFile; fileRef = B658FB3327DA9E1000EA4DBD /* Assets.xcassets */; };
		B658FB3727DA9E1000EA4DBD /* Preview Assets.xcassets in Resources */ = {isa = PBXBuildFile; fileRef = B658FB3627DA9E1000EA4DBD /* Preview Assets.xcassets */; };
		D70F5E2C27E4E8CF004EE4B9 /* WelcomeModule in Frameworks */ = {isa = PBXBuildFile; productRef = D70F5E2B27E4E8CF004EE4B9 /* WelcomeModule */; };
		D7211D4327E066CE008F2ED7 /* Localized+Ex.swift in Sources */ = {isa = PBXBuildFile; fileRef = D7211D4227E066CE008F2ED7 /* Localized+Ex.swift */; };
		D7211D4727E06BFE008F2ED7 /* Localizable.strings in Resources */ = {isa = PBXBuildFile; fileRef = D7211D4927E06BFE008F2ED7 /* Localizable.strings */; };
		D72E1A8327E3B0D400EB11B9 /* WelcomeView.swift in Sources */ = {isa = PBXBuildFile; fileRef = D72E1A8227E3B0D400EB11B9 /* WelcomeView.swift */; };
		D72E1A8727E4242900EB11B9 /* RecentProjectsView.swift in Sources */ = {isa = PBXBuildFile; fileRef = D72E1A8627E4242900EB11B9 /* RecentProjectsView.swift */; };
		D72E1A8927E44D7C00EB11B9 /* WelcomeWindowView.swift in Sources */ = {isa = PBXBuildFile; fileRef = D72E1A8827E44D7C00EB11B9 /* WelcomeWindowView.swift */; };
/* End PBXBuildFile section */

/* Begin PBXContainerItemProxy section */
		B658FB3E27DA9E1000EA4DBD /* PBXContainerItemProxy */ = {
			isa = PBXContainerItemProxy;
			containerPortal = B658FB2427DA9E0F00EA4DBD /* Project object */;
			proxyType = 1;
			remoteGlobalIDString = B658FB2B27DA9E0F00EA4DBD;
			remoteInfo = CodeEdit;
		};
		B658FB4827DA9E1000EA4DBD /* PBXContainerItemProxy */ = {
			isa = PBXContainerItemProxy;
			containerPortal = B658FB2427DA9E0F00EA4DBD /* Project object */;
			proxyType = 1;
			remoteGlobalIDString = B658FB2B27DA9E0F00EA4DBD;
			remoteInfo = CodeEdit;
		};
/* End PBXContainerItemProxy section */

/* Begin PBXFileReference section */
		043C321327E31FF6006AE443 /* CodeEditDocumentController.swift */ = {isa = PBXFileReference; lastKnownFileType = sourcecode.swift; path = CodeEditDocumentController.swift; sourceTree = "<group>"; };
		043C321527E3201F006AE443 /* WorkspaceDocument.swift */ = {isa = PBXFileReference; lastKnownFileType = sourcecode.swift; path = WorkspaceDocument.swift; sourceTree = "<group>"; };
		043C321927E32295006AE443 /* MainMenu.xib */ = {isa = PBXFileReference; lastKnownFileType = file.xib; path = MainMenu.xib; sourceTree = "<group>"; };
		04660F6027E3A68A00477777 /* Info.plist */ = {isa = PBXFileReference; fileEncoding = 4; lastKnownFileType = text.plist.xml; path = Info.plist; sourceTree = "<group>"; };
		04660F6327E3ACAF00477777 /* Appearances.swift */ = {isa = PBXFileReference; lastKnownFileType = sourcecode.swift; path = Appearances.swift; sourceTree = "<group>"; };
		04660F6527E3ACEF00477777 /* ReopenBehavior.swift */ = {isa = PBXFileReference; lastKnownFileType = sourcecode.swift; path = ReopenBehavior.swift; sourceTree = "<group>"; };
		04660F6927E51E5C00477777 /* CodeEditWindowController.swift */ = {isa = PBXFileReference; lastKnownFileType = sourcecode.swift; path = CodeEditWindowController.swift; sourceTree = "<group>"; };
		0468438427DC76E200F8E88E /* AppDelegate.swift */ = {isa = PBXFileReference; lastKnownFileType = sourcecode.swift; path = AppDelegate.swift; sourceTree = "<group>"; };
		04ADA0C827E5D29000BF00B2 /* ru */ = {isa = PBXFileReference; lastKnownFileType = text.plist.strings; name = ru; path = ru.lproj/Localizable.strings; sourceTree = "<group>"; };
		04ADA0CA27E5D41F00BF00B2 /* be */ = {isa = PBXFileReference; lastKnownFileType = text.plist.strings; name = be; path = be.lproj/Localizable.strings; sourceTree = "<group>"; };
		04F2BF0E27DBB28E0024EAB1 /* SettingsView.swift */ = {isa = PBXFileReference; lastKnownFileType = sourcecode.swift; path = SettingsView.swift; sourceTree = "<group>"; };
		04F2BF1127DBB3C10024EAB1 /* GeneralSettingsView.swift */ = {isa = PBXFileReference; lastKnownFileType = sourcecode.swift; path = GeneralSettingsView.swift; sourceTree = "<group>"; };
		2805D9E827E5ED180032BC56 /* de */ = {isa = PBXFileReference; lastKnownFileType = text.plist.strings; name = de; path = de.lproj/Localizable.strings; sourceTree = "<group>"; };
		286620A427E4AB6900E18C2B /* BreadcrumbsComponent.swift */ = {isa = PBXFileReference; lastKnownFileType = sourcecode.swift; path = BreadcrumbsComponent.swift; sourceTree = "<group>"; };
		2875A46C27E3BE5B007805F8 /* BreadcrumbsView.swift */ = {isa = PBXFileReference; lastKnownFileType = sourcecode.swift; path = BreadcrumbsView.swift; sourceTree = "<group>"; };
		287776E627E3413200D46668 /* SideBar.swift */ = {isa = PBXFileReference; lastKnownFileType = sourcecode.swift; path = SideBar.swift; sourceTree = "<group>"; };
		287776E827E34BC700D46668 /* TabBar.swift */ = {isa = PBXFileReference; lastKnownFileType = sourcecode.swift; path = TabBar.swift; sourceTree = "<group>"; };
		287776EC27E350D800D46668 /* SideBarItem.swift */ = {isa = PBXFileReference; lastKnownFileType = sourcecode.swift; path = SideBarItem.swift; sourceTree = "<group>"; };
		287776EE27E3515300D46668 /* TabBarItem.swift */ = {isa = PBXFileReference; lastKnownFileType = sourcecode.swift; path = TabBarItem.swift; sourceTree = "<group>"; };
		289978EC27E4E97E00BB0357 /* FileIconStyle.swift */ = {isa = PBXFileReference; lastKnownFileType = sourcecode.swift; path = FileIconStyle.swift; sourceTree = "<group>"; };
		28B0A19727E385C300B73177 /* SideBarToolbarTop.swift */ = {isa = PBXFileReference; lastKnownFileType = sourcecode.swift; path = SideBarToolbarTop.swift; sourceTree = "<group>"; };
		28FFE1BE27E3A441001939DB /* SideBarToolbarBottom.swift */ = {isa = PBXFileReference; lastKnownFileType = sourcecode.swift; path = SideBarToolbarBottom.swift; sourceTree = "<group>"; };
		345F667427DF6C180069BD69 /* FileTabRow.swift */ = {isa = PBXFileReference; lastKnownFileType = sourcecode.swift; path = FileTabRow.swift; sourceTree = "<group>"; };
		34EE19BD27E0469C00F152CE /* BlurView.swift */ = {isa = PBXFileReference; lastKnownFileType = sourcecode.swift; path = BlurView.swift; sourceTree = "<group>"; };
		B658FB2C27DA9E0F00EA4DBD /* CodeEdit.app */ = {isa = PBXFileReference; explicitFileType = wrapper.application; includeInIndex = 0; path = CodeEdit.app; sourceTree = BUILT_PRODUCTS_DIR; };
		B658FB3127DA9E0F00EA4DBD /* WorkspaceView.swift */ = {isa = PBXFileReference; lastKnownFileType = sourcecode.swift; path = WorkspaceView.swift; sourceTree = "<group>"; };
		B658FB3327DA9E1000EA4DBD /* Assets.xcassets */ = {isa = PBXFileReference; lastKnownFileType = folder.assetcatalog; path = Assets.xcassets; sourceTree = "<group>"; };
		B658FB3627DA9E1000EA4DBD /* Preview Assets.xcassets */ = {isa = PBXFileReference; lastKnownFileType = folder.assetcatalog; path = "Preview Assets.xcassets"; sourceTree = "<group>"; };
		B658FB3827DA9E1000EA4DBD /* CodeEdit.entitlements */ = {isa = PBXFileReference; lastKnownFileType = text.plist.entitlements; path = CodeEdit.entitlements; sourceTree = "<group>"; };
		B658FB3D27DA9E1000EA4DBD /* CodeEditTests.xctest */ = {isa = PBXFileReference; explicitFileType = wrapper.cfbundle; includeInIndex = 0; path = CodeEditTests.xctest; sourceTree = BUILT_PRODUCTS_DIR; };
		B658FB4727DA9E1000EA4DBD /* CodeEditUITests.xctest */ = {isa = PBXFileReference; explicitFileType = wrapper.cfbundle; includeInIndex = 0; path = CodeEditUITests.xctest; sourceTree = BUILT_PRODUCTS_DIR; };
		D7211D4227E066CE008F2ED7 /* Localized+Ex.swift */ = {isa = PBXFileReference; lastKnownFileType = sourcecode.swift; path = "Localized+Ex.swift"; sourceTree = "<group>"; };
		D7211D4827E06BFE008F2ED7 /* en */ = {isa = PBXFileReference; lastKnownFileType = text.plist.strings; name = en; path = en.lproj/Localizable.strings; sourceTree = "<group>"; };
		D7211D4A27E06C01008F2ED7 /* sr */ = {isa = PBXFileReference; lastKnownFileType = text.plist.strings; name = sr; path = sr.lproj/Localizable.strings; sourceTree = "<group>"; };
		D72E1A8227E3B0D400EB11B9 /* WelcomeView.swift */ = {isa = PBXFileReference; lastKnownFileType = sourcecode.swift; path = WelcomeView.swift; sourceTree = "<group>"; };
		D72E1A8627E4242900EB11B9 /* RecentProjectsView.swift */ = {isa = PBXFileReference; lastKnownFileType = sourcecode.swift; path = RecentProjectsView.swift; sourceTree = "<group>"; };
		D72E1A8827E44D7C00EB11B9 /* WelcomeWindowView.swift */ = {isa = PBXFileReference; lastKnownFileType = sourcecode.swift; path = WelcomeWindowView.swift; sourceTree = "<group>"; };
/* End PBXFileReference section */

/* Begin PBXFrameworksBuildPhase section */
		B658FB2927DA9E0F00EA4DBD /* Frameworks */ = {
			isa = PBXFrameworksBuildPhase;
			buildActionMask = 2147483647;
			files = (
				5C403B8F27E20F8000788241 /* WorkspaceClient in Frameworks */,
				D70F5E2C27E4E8CF004EE4B9 /* WelcomeModule in Frameworks */,
				5CF38A5E27E48E6C0096A0F7 /* CodeFile in Frameworks */,
			);
			runOnlyForDeploymentPostprocessing = 0;
		};
		B658FB3A27DA9E1000EA4DBD /* Frameworks */ = {
			isa = PBXFrameworksBuildPhase;
			buildActionMask = 2147483647;
			files = (
			);
			runOnlyForDeploymentPostprocessing = 0;
		};
		B658FB4427DA9E1000EA4DBD /* Frameworks */ = {
			isa = PBXFrameworksBuildPhase;
			buildActionMask = 2147483647;
			files = (
			);
			runOnlyForDeploymentPostprocessing = 0;
		};
/* End PBXFrameworksBuildPhase section */

/* Begin PBXGroup section */
		043C321227E31FE8006AE443 /* Documents */ = {
			isa = PBXGroup;
			children = (
				043C321327E31FF6006AE443 /* CodeEditDocumentController.swift */,
				043C321527E3201F006AE443 /* WorkspaceDocument.swift */,
				04660F6927E51E5C00477777 /* CodeEditWindowController.swift */,
			);
			path = Documents;
			sourceTree = "<group>";
		};
		04660F6227E3ACA300477777 /* Models */ = {
			isa = PBXGroup;
			children = (
				04660F6327E3ACAF00477777 /* Appearances.swift */,
				04660F6527E3ACEF00477777 /* ReopenBehavior.swift */,
				289978EC27E4E97E00BB0357 /* FileIconStyle.swift */,
			);
			path = Models;
			sourceTree = "<group>";
		};
		04F2BF1027DBB3AF0024EAB1 /* Settings */ = {
			isa = PBXGroup;
			children = (
				04660F6227E3ACA300477777 /* Models */,
				04F2BF0E27DBB28E0024EAB1 /* SettingsView.swift */,
				04F2BF1127DBB3C10024EAB1 /* GeneralSettingsView.swift */,
			);
			path = Settings;
			sourceTree = "<group>";
		};
		2875A46E27E3BE63007805F8 /* Breadcrumbs */ = {
			isa = PBXGroup;
			children = (
				2875A46C27E3BE5B007805F8 /* BreadcrumbsView.swift */,
				286620A427E4AB6900E18C2B /* BreadcrumbsComponent.swift */,
			);
			path = Breadcrumbs;
			sourceTree = "<group>";
		};
		287776EA27E350A100D46668 /* SideBar */ = {
			isa = PBXGroup;
			children = (
				287776E627E3413200D46668 /* SideBar.swift */,
				287776EC27E350D800D46668 /* SideBarItem.swift */,
				28B0A19727E385C300B73177 /* SideBarToolbarTop.swift */,
				28FFE1BE27E3A441001939DB /* SideBarToolbarBottom.swift */,
			);
			path = SideBar;
			sourceTree = "<group>";
		};
		287776EB27E350BA00D46668 /* TabBar */ = {
			isa = PBXGroup;
			children = (
				287776E827E34BC700D46668 /* TabBar.swift */,
				287776EE27E3515300D46668 /* TabBarItem.swift */,
			);
			path = TabBar;
			sourceTree = "<group>";
		};
		345F667327DF6BCC0069BD69 /* Rows */ = {
			isa = PBXGroup;
			children = (
				345F667427DF6C180069BD69 /* FileTabRow.swift */,
			);
			path = Rows;
			sourceTree = "<group>";
		};
		34EE19BC27E0467F00F152CE /* CustomViews */ = {
			isa = PBXGroup;
			children = (
				34EE19BD27E0469C00F152CE /* BlurView.swift */,
			);
			path = CustomViews;
			sourceTree = "<group>";
		};
		5C403B8D27E20F8000788241 /* Frameworks */ = {
			isa = PBXGroup;
			children = (
			);
			name = Frameworks;
			sourceTree = "<group>";
		};
		B658FB2327DA9E0F00EA4DBD = {
			isa = PBXGroup;
			children = (
				B658FB2E27DA9E0F00EA4DBD /* CodeEdit */,
				B658FB2D27DA9E0F00EA4DBD /* Products */,
				5C403B8D27E20F8000788241 /* Frameworks */,
			);
			sourceTree = "<group>";
		};
		B658FB2D27DA9E0F00EA4DBD /* Products */ = {
			isa = PBXGroup;
			children = (
				B658FB2C27DA9E0F00EA4DBD /* CodeEdit.app */,
				B658FB3D27DA9E1000EA4DBD /* CodeEditTests.xctest */,
				B658FB4727DA9E1000EA4DBD /* CodeEditUITests.xctest */,
			);
			name = Products;
			sourceTree = "<group>";
		};
		B658FB2E27DA9E0F00EA4DBD /* CodeEdit */ = {
			isa = PBXGroup;
			children = (
				04660F6027E3A68A00477777 /* Info.plist */,
				D72E1A8127E3B0A300EB11B9 /* Welcome */,
				043C321227E31FE8006AE443 /* Documents */,
				0468438427DC76E200F8E88E /* AppDelegate.swift */,
				B658FB3127DA9E0F00EA4DBD /* WorkspaceView.swift */,
				2875A46E27E3BE63007805F8 /* Breadcrumbs */,
				287776EA27E350A100D46668 /* SideBar */,
				287776EB27E350BA00D46668 /* TabBar */,
				345F667327DF6BCC0069BD69 /* Rows */,
				04F2BF1027DBB3AF0024EAB1 /* Settings */,
				34EE19BC27E0467F00F152CE /* CustomViews */,
				D7211D4427E066D4008F2ED7 /* Localization */,
				B658FB3327DA9E1000EA4DBD /* Assets.xcassets */,
				B658FB3827DA9E1000EA4DBD /* CodeEdit.entitlements */,
				B658FB3527DA9E1000EA4DBD /* Preview Content */,
				043C321927E32295006AE443 /* MainMenu.xib */,
			);
			path = CodeEdit;
			sourceTree = "<group>";
		};
		B658FB3527DA9E1000EA4DBD /* Preview Content */ = {
			isa = PBXGroup;
			children = (
				B658FB3627DA9E1000EA4DBD /* Preview Assets.xcassets */,
			);
			path = "Preview Content";
			sourceTree = "<group>";
		};
		D7211D4427E066D4008F2ED7 /* Localization */ = {
			isa = PBXGroup;
			children = (
				D7211D4227E066CE008F2ED7 /* Localized+Ex.swift */,
				D7211D4927E06BFE008F2ED7 /* Localizable.strings */,
			);
			path = Localization;
			sourceTree = "<group>";
		};
		D72E1A8127E3B0A300EB11B9 /* Welcome */ = {
			isa = PBXGroup;
			children = (
				D72E1A8227E3B0D400EB11B9 /* WelcomeView.swift */,
				D72E1A8627E4242900EB11B9 /* RecentProjectsView.swift */,
				D72E1A8827E44D7C00EB11B9 /* WelcomeWindowView.swift */,
			);
			path = Welcome;
			sourceTree = "<group>";
		};
/* End PBXGroup section */

/* Begin PBXNativeTarget section */
		B658FB2B27DA9E0F00EA4DBD /* CodeEdit */ = {
			isa = PBXNativeTarget;
			buildConfigurationList = B658FB5127DA9E1000EA4DBD /* Build configuration list for PBXNativeTarget "CodeEdit" */;
			buildPhases = (
				B658FB2827DA9E0F00EA4DBD /* Sources */,
				B658FB2927DA9E0F00EA4DBD /* Frameworks */,
				B658FB2A27DA9E0F00EA4DBD /* Resources */,
				2BA119D327E5274D00A996FF /* ShellScript */,
			);
			buildRules = (
			);
			dependencies = (
			);
			name = CodeEdit;
			packageProductDependencies = (
				5C403B8E27E20F8000788241 /* WorkspaceClient */,
				5CF38A5D27E48E6C0096A0F7 /* CodeFile */,
				D70F5E2B27E4E8CF004EE4B9 /* WelcomeModule */,
			);
			productName = CodeEdit;
			productReference = B658FB2C27DA9E0F00EA4DBD /* CodeEdit.app */;
			productType = "com.apple.product-type.application";
		};
		B658FB3C27DA9E1000EA4DBD /* CodeEditTests */ = {
			isa = PBXNativeTarget;
			buildConfigurationList = B658FB5427DA9E1000EA4DBD /* Build configuration list for PBXNativeTarget "CodeEditTests" */;
			buildPhases = (
				B658FB3927DA9E1000EA4DBD /* Sources */,
				B658FB3A27DA9E1000EA4DBD /* Frameworks */,
				B658FB3B27DA9E1000EA4DBD /* Resources */,
			);
			buildRules = (
			);
			dependencies = (
				B658FB3F27DA9E1000EA4DBD /* PBXTargetDependency */,
			);
			name = CodeEditTests;
			productName = CodeEditTests;
			productReference = B658FB3D27DA9E1000EA4DBD /* CodeEditTests.xctest */;
			productType = "com.apple.product-type.bundle.unit-test";
		};
		B658FB4627DA9E1000EA4DBD /* CodeEditUITests */ = {
			isa = PBXNativeTarget;
			buildConfigurationList = B658FB5727DA9E1000EA4DBD /* Build configuration list for PBXNativeTarget "CodeEditUITests" */;
			buildPhases = (
				B658FB4327DA9E1000EA4DBD /* Sources */,
				B658FB4427DA9E1000EA4DBD /* Frameworks */,
				B658FB4527DA9E1000EA4DBD /* Resources */,
			);
			buildRules = (
			);
			dependencies = (
				B658FB4927DA9E1000EA4DBD /* PBXTargetDependency */,
			);
			name = CodeEditUITests;
			productName = CodeEditUITests;
			productReference = B658FB4727DA9E1000EA4DBD /* CodeEditUITests.xctest */;
			productType = "com.apple.product-type.bundle.ui-testing";
		};
/* End PBXNativeTarget section */

/* Begin PBXProject section */
		B658FB2427DA9E0F00EA4DBD /* Project object */ = {
			isa = PBXProject;
			attributes = {
				BuildIndependentTargetsInParallel = 1;
				LastSwiftUpdateCheck = 1310;
				LastUpgradeCheck = 1330;
				TargetAttributes = {
					B658FB2B27DA9E0F00EA4DBD = {
						CreatedOnToolsVersion = 13.1;
					};
					B658FB3C27DA9E1000EA4DBD = {
						CreatedOnToolsVersion = 13.1;
						TestTargetID = B658FB2B27DA9E0F00EA4DBD;
					};
					B658FB4627DA9E1000EA4DBD = {
						CreatedOnToolsVersion = 13.1;
						TestTargetID = B658FB2B27DA9E0F00EA4DBD;
					};
				};
			};
			buildConfigurationList = B658FB2727DA9E0F00EA4DBD /* Build configuration list for PBXProject "CodeEdit" */;
			compatibilityVersion = "Xcode 13.0";
			developmentRegion = en;
			hasScannedForEncodings = 0;
			knownRegions = (
				en,
				Base,
				sr,
				ru,
				be,
				de,
			);
			mainGroup = B658FB2327DA9E0F00EA4DBD;
			productRefGroup = B658FB2D27DA9E0F00EA4DBD /* Products */;
			projectDirPath = "";
			projectRoot = "";
			targets = (
				B658FB2B27DA9E0F00EA4DBD /* CodeEdit */,
				B658FB3C27DA9E1000EA4DBD /* CodeEditTests */,
				B658FB4627DA9E1000EA4DBD /* CodeEditUITests */,
			);
		};
/* End PBXProject section */

/* Begin PBXResourcesBuildPhase section */
		B658FB2A27DA9E0F00EA4DBD /* Resources */ = {
			isa = PBXResourcesBuildPhase;
			buildActionMask = 2147483647;
			files = (
				B658FB3727DA9E1000EA4DBD /* Preview Assets.xcassets in Resources */,
				D7211D4727E06BFE008F2ED7 /* Localizable.strings in Resources */,
				B658FB3427DA9E1000EA4DBD /* Assets.xcassets in Resources */,
				043C321A27E32295006AE443 /* MainMenu.xib in Resources */,
			);
			runOnlyForDeploymentPostprocessing = 0;
		};
		B658FB3B27DA9E1000EA4DBD /* Resources */ = {
			isa = PBXResourcesBuildPhase;
			buildActionMask = 2147483647;
			files = (
			);
			runOnlyForDeploymentPostprocessing = 0;
		};
		B658FB4527DA9E1000EA4DBD /* Resources */ = {
			isa = PBXResourcesBuildPhase;
			buildActionMask = 2147483647;
			files = (
			);
			runOnlyForDeploymentPostprocessing = 0;
		};
/* End PBXResourcesBuildPhase section */

/* Begin PBXShellScriptBuildPhase section */
		2BA119D327E5274D00A996FF /* ShellScript */ = {
			isa = PBXShellScriptBuildPhase;
			buildActionMask = 2147483647;
			files = (
			);
			inputFileListPaths = (
			);
			inputPaths = (
			);
			outputFileListPaths = (
			);
			outputPaths = (
			);
			runOnlyForDeploymentPostprocessing = 0;
			shellPath = /bin/sh;
			shellScript = "export PATH=\"$PATH:/opt/homebrew/bin\"\nif which swiftlint >/dev/null; then\n  swiftlint\nelse\n  echo \"warning: SwiftLint not installed, download from https://github.com/realm/SwiftLint\"\nfi\n";
		};
/* End PBXShellScriptBuildPhase section */

/* Begin PBXSourcesBuildPhase section */
		B658FB2827DA9E0F00EA4DBD /* Sources */ = {
			isa = PBXSourcesBuildPhase;
			buildActionMask = 2147483647;
			files = (
				2B7A583527E4BA0100D25D4E /* AppDelegate.swift in Sources */,
				2875A46D27E3BE5B007805F8 /* BreadcrumbsView.swift in Sources */,
				04540D5B27DD08C300E91B77 /* SettingsView.swift in Sources */,
				D72E1A8927E44D7C00EB11B9 /* WelcomeWindowView.swift in Sources */,
				04540D5C27DD08C300E91B77 /* GeneralSettingsView.swift in Sources */,
				043C321427E31FF6006AE443 /* CodeEditDocumentController.swift in Sources */,
				04660F6427E3ACAF00477777 /* Appearances.swift in Sources */,
				04540D5E27DD08C300E91B77 /* WorkspaceView.swift in Sources */,
				34EE19BE27E0469C00F152CE /* BlurView.swift in Sources */,
				D7211D4327E066CE008F2ED7 /* Localized+Ex.swift in Sources */,
				287776E927E34BC700D46668 /* TabBar.swift in Sources */,
				286620A527E4AB6900E18C2B /* BreadcrumbsComponent.swift in Sources */,
				287776EF27E3515300D46668 /* TabBarItem.swift in Sources */,
				D72E1A8727E4242900EB11B9 /* RecentProjectsView.swift in Sources */,
				04660F6A27E51E5C00477777 /* CodeEditWindowController.swift in Sources */,
				287776E727E3413200D46668 /* SideBar.swift in Sources */,
				287776ED27E350D800D46668 /* SideBarItem.swift in Sources */,
				289978ED27E4E97E00BB0357 /* FileIconStyle.swift in Sources */,
				04660F6627E3ACEF00477777 /* ReopenBehavior.swift in Sources */,
				D72E1A8327E3B0D400EB11B9 /* WelcomeView.swift in Sources */,
				043C321627E3201F006AE443 /* WorkspaceDocument.swift in Sources */,
				28B0A19827E385C300B73177 /* SideBarToolbarTop.swift in Sources */,
				345F667527DF6C180069BD69 /* FileTabRow.swift in Sources */,
				28FFE1BF27E3A441001939DB /* SideBarToolbarBottom.swift in Sources */,
			);
			runOnlyForDeploymentPostprocessing = 0;
		};
		B658FB3927DA9E1000EA4DBD /* Sources */ = {
			isa = PBXSourcesBuildPhase;
			buildActionMask = 2147483647;
			files = (
			);
			runOnlyForDeploymentPostprocessing = 0;
		};
		B658FB4327DA9E1000EA4DBD /* Sources */ = {
			isa = PBXSourcesBuildPhase;
			buildActionMask = 2147483647;
			files = (
			);
			runOnlyForDeploymentPostprocessing = 0;
		};
/* End PBXSourcesBuildPhase section */

/* Begin PBXTargetDependency section */
		B658FB3F27DA9E1000EA4DBD /* PBXTargetDependency */ = {
			isa = PBXTargetDependency;
			target = B658FB2B27DA9E0F00EA4DBD /* CodeEdit */;
			targetProxy = B658FB3E27DA9E1000EA4DBD /* PBXContainerItemProxy */;
		};
		B658FB4927DA9E1000EA4DBD /* PBXTargetDependency */ = {
			isa = PBXTargetDependency;
			target = B658FB2B27DA9E0F00EA4DBD /* CodeEdit */;
			targetProxy = B658FB4827DA9E1000EA4DBD /* PBXContainerItemProxy */;
		};
/* End PBXTargetDependency section */

/* Begin PBXVariantGroup section */
		D7211D4927E06BFE008F2ED7 /* Localizable.strings */ = {
			isa = PBXVariantGroup;
			children = (
				D7211D4827E06BFE008F2ED7 /* en */,
				D7211D4A27E06C01008F2ED7 /* sr */,
				04ADA0C827E5D29000BF00B2 /* ru */,
				04ADA0CA27E5D41F00BF00B2 /* be */,
				2805D9E827E5ED180032BC56 /* de */,
			);
			name = Localizable.strings;
			sourceTree = "<group>";
		};
/* End PBXVariantGroup section */

/* Begin XCBuildConfiguration section */
		B658FB4F27DA9E1000EA4DBD /* Debug */ = {
			isa = XCBuildConfiguration;
			buildSettings = {
				ALWAYS_SEARCH_USER_PATHS = NO;
				CLANG_ANALYZER_LOCALIZABILITY_NONLOCALIZED = YES;
				CLANG_ANALYZER_NONNULL = YES;
				CLANG_ANALYZER_NUMBER_OBJECT_CONVERSION = YES_AGGRESSIVE;
				CLANG_CXX_LANGUAGE_STANDARD = "gnu++17";
				CLANG_CXX_LIBRARY = "libc++";
				CLANG_ENABLE_MODULES = YES;
				CLANG_ENABLE_OBJC_ARC = YES;
				CLANG_ENABLE_OBJC_WEAK = YES;
				CLANG_WARN_BLOCK_CAPTURE_AUTORELEASING = YES;
				CLANG_WARN_BOOL_CONVERSION = YES;
				CLANG_WARN_COMMA = YES;
				CLANG_WARN_CONSTANT_CONVERSION = YES;
				CLANG_WARN_DEPRECATED_OBJC_IMPLEMENTATIONS = YES;
				CLANG_WARN_DIRECT_OBJC_ISA_USAGE = YES_ERROR;
				CLANG_WARN_DOCUMENTATION_COMMENTS = YES;
				CLANG_WARN_EMPTY_BODY = YES;
				CLANG_WARN_ENUM_CONVERSION = YES;
				CLANG_WARN_INFINITE_RECURSION = YES;
				CLANG_WARN_INT_CONVERSION = YES;
				CLANG_WARN_NON_LITERAL_NULL_CONVERSION = YES;
				CLANG_WARN_OBJC_IMPLICIT_RETAIN_SELF = YES;
				CLANG_WARN_OBJC_LITERAL_CONVERSION = YES;
				CLANG_WARN_OBJC_ROOT_CLASS = YES_ERROR;
				CLANG_WARN_QUOTED_INCLUDE_IN_FRAMEWORK_HEADER = YES;
				CLANG_WARN_RANGE_LOOP_ANALYSIS = YES;
				CLANG_WARN_STRICT_PROTOTYPES = YES;
				CLANG_WARN_SUSPICIOUS_MOVE = YES;
				CLANG_WARN_UNGUARDED_AVAILABILITY = YES_AGGRESSIVE;
				CLANG_WARN_UNREACHABLE_CODE = YES;
				CLANG_WARN__DUPLICATE_METHOD_MATCH = YES;
				COPY_PHASE_STRIP = NO;
				DEBUG_INFORMATION_FORMAT = dwarf;
				ENABLE_STRICT_OBJC_MSGSEND = YES;
				ENABLE_TESTABILITY = YES;
				GCC_C_LANGUAGE_STANDARD = gnu11;
				GCC_DYNAMIC_NO_PIC = NO;
				GCC_NO_COMMON_BLOCKS = YES;
				GCC_OPTIMIZATION_LEVEL = 0;
				GCC_PREPROCESSOR_DEFINITIONS = (
					"DEBUG=1",
					"$(inherited)",
				);
				GCC_WARN_64_TO_32_BIT_CONVERSION = YES;
				GCC_WARN_ABOUT_RETURN_TYPE = YES_ERROR;
				GCC_WARN_UNDECLARED_SELECTOR = YES;
				GCC_WARN_UNINITIALIZED_AUTOS = YES_AGGRESSIVE;
				GCC_WARN_UNUSED_FUNCTION = YES;
				GCC_WARN_UNUSED_VARIABLE = YES;
				MACOSX_DEPLOYMENT_TARGET = 12.0;
				MTL_ENABLE_DEBUG_INFO = INCLUDE_SOURCE;
				MTL_FAST_MATH = YES;
				ONLY_ACTIVE_ARCH = YES;
				SDKROOT = macosx;
				SWIFT_ACTIVE_COMPILATION_CONDITIONS = DEBUG;
				SWIFT_OPTIMIZATION_LEVEL = "-Onone";
			};
			name = Debug;
		};
		B658FB5027DA9E1000EA4DBD /* Release */ = {
			isa = XCBuildConfiguration;
			buildSettings = {
				ALWAYS_SEARCH_USER_PATHS = NO;
				CLANG_ANALYZER_LOCALIZABILITY_NONLOCALIZED = YES;
				CLANG_ANALYZER_NONNULL = YES;
				CLANG_ANALYZER_NUMBER_OBJECT_CONVERSION = YES_AGGRESSIVE;
				CLANG_CXX_LANGUAGE_STANDARD = "gnu++17";
				CLANG_CXX_LIBRARY = "libc++";
				CLANG_ENABLE_MODULES = YES;
				CLANG_ENABLE_OBJC_ARC = YES;
				CLANG_ENABLE_OBJC_WEAK = YES;
				CLANG_WARN_BLOCK_CAPTURE_AUTORELEASING = YES;
				CLANG_WARN_BOOL_CONVERSION = YES;
				CLANG_WARN_COMMA = YES;
				CLANG_WARN_CONSTANT_CONVERSION = YES;
				CLANG_WARN_DEPRECATED_OBJC_IMPLEMENTATIONS = YES;
				CLANG_WARN_DIRECT_OBJC_ISA_USAGE = YES_ERROR;
				CLANG_WARN_DOCUMENTATION_COMMENTS = YES;
				CLANG_WARN_EMPTY_BODY = YES;
				CLANG_WARN_ENUM_CONVERSION = YES;
				CLANG_WARN_INFINITE_RECURSION = YES;
				CLANG_WARN_INT_CONVERSION = YES;
				CLANG_WARN_NON_LITERAL_NULL_CONVERSION = YES;
				CLANG_WARN_OBJC_IMPLICIT_RETAIN_SELF = YES;
				CLANG_WARN_OBJC_LITERAL_CONVERSION = YES;
				CLANG_WARN_OBJC_ROOT_CLASS = YES_ERROR;
				CLANG_WARN_QUOTED_INCLUDE_IN_FRAMEWORK_HEADER = YES;
				CLANG_WARN_RANGE_LOOP_ANALYSIS = YES;
				CLANG_WARN_STRICT_PROTOTYPES = YES;
				CLANG_WARN_SUSPICIOUS_MOVE = YES;
				CLANG_WARN_UNGUARDED_AVAILABILITY = YES_AGGRESSIVE;
				CLANG_WARN_UNREACHABLE_CODE = YES;
				CLANG_WARN__DUPLICATE_METHOD_MATCH = YES;
				COPY_PHASE_STRIP = NO;
				DEBUG_INFORMATION_FORMAT = "dwarf-with-dsym";
				ENABLE_NS_ASSERTIONS = NO;
				ENABLE_STRICT_OBJC_MSGSEND = YES;
				GCC_C_LANGUAGE_STANDARD = gnu11;
				GCC_NO_COMMON_BLOCKS = YES;
				GCC_WARN_64_TO_32_BIT_CONVERSION = YES;
				GCC_WARN_ABOUT_RETURN_TYPE = YES_ERROR;
				GCC_WARN_UNDECLARED_SELECTOR = YES;
				GCC_WARN_UNINITIALIZED_AUTOS = YES_AGGRESSIVE;
				GCC_WARN_UNUSED_FUNCTION = YES;
				GCC_WARN_UNUSED_VARIABLE = YES;
				MACOSX_DEPLOYMENT_TARGET = 12.0;
				MTL_ENABLE_DEBUG_INFO = NO;
				MTL_FAST_MATH = YES;
				SDKROOT = macosx;
				SWIFT_COMPILATION_MODE = wholemodule;
				SWIFT_OPTIMIZATION_LEVEL = "-O";
			};
			name = Release;
		};
		B658FB5227DA9E1000EA4DBD /* Debug */ = {
			isa = XCBuildConfiguration;
			buildSettings = {
				ASSETCATALOG_COMPILER_APPICON_NAME = AppIconDev;
				ASSETCATALOG_COMPILER_GLOBAL_ACCENT_COLOR_NAME = AccentColor;
				CODE_SIGN_ENTITLEMENTS = CodeEdit/CodeEdit.entitlements;
				CODE_SIGN_IDENTITY = "-";
				CODE_SIGN_STYLE = Automatic;
				COMBINE_HIDPI_IMAGES = YES;
				CURRENT_PROJECT_VERSION = 1;
				DEVELOPMENT_ASSET_PATHS = "\"CodeEdit/Preview Content\"";
				DEVELOPMENT_TEAM = "";
				ENABLE_HARDENED_RUNTIME = YES;
				ENABLE_PREVIEWS = YES;
				GENERATE_INFOPLIST_FILE = YES;
				INFOPLIST_FILE = CodeEdit/Info.plist;
				INFOPLIST_KEY_NSHumanReadableCopyright = "© 2022 CodeEdit";
				INFOPLIST_KEY_NSPrincipalClass = CodeEdit.CodeEditApplication;
				LD_RUNPATH_SEARCH_PATHS = (
					"$(inherited)",
					"@executable_path/../Frameworks",
				);
				MARKETING_VERSION = 1.0;
				PRODUCT_BUNDLE_IDENTIFIER = austincondiff.CodeEdit;
				PRODUCT_NAME = "$(TARGET_NAME)";
				PROVISIONING_PROFILE_SPECIFIER = "";
				SWIFT_EMIT_LOC_STRINGS = YES;
				SWIFT_VERSION = 5.0;
			};
			name = Debug;
		};
		B658FB5327DA9E1000EA4DBD /* Release */ = {
			isa = XCBuildConfiguration;
			buildSettings = {
				ASSETCATALOG_COMPILER_APPICON_NAME = AppIconDev;
				ASSETCATALOG_COMPILER_GLOBAL_ACCENT_COLOR_NAME = AccentColor;
				CODE_SIGN_ENTITLEMENTS = CodeEdit/CodeEdit.entitlements;
				CODE_SIGN_IDENTITY = "-";
				CODE_SIGN_STYLE = Automatic;
				COMBINE_HIDPI_IMAGES = YES;
				CURRENT_PROJECT_VERSION = 1;
				DEVELOPMENT_ASSET_PATHS = "\"CodeEdit/Preview Content\"";
				DEVELOPMENT_TEAM = "";
				ENABLE_HARDENED_RUNTIME = YES;
				ENABLE_PREVIEWS = YES;
				GENERATE_INFOPLIST_FILE = YES;
				INFOPLIST_FILE = CodeEdit/Info.plist;
				INFOPLIST_KEY_NSHumanReadableCopyright = "© 2022 CodeEdit";
				INFOPLIST_KEY_NSPrincipalClass = CodeEdit.CodeEditApplication;
				LD_RUNPATH_SEARCH_PATHS = (
					"$(inherited)",
					"@executable_path/../Frameworks",
				);
				MARKETING_VERSION = 1.0;
				PRODUCT_BUNDLE_IDENTIFIER = austincondiff.CodeEdit;
				PRODUCT_NAME = "$(TARGET_NAME)";
				PROVISIONING_PROFILE_SPECIFIER = "";
				SWIFT_EMIT_LOC_STRINGS = YES;
				SWIFT_VERSION = 5.0;
			};
			name = Release;
		};
		B658FB5527DA9E1000EA4DBD /* Debug */ = {
			isa = XCBuildConfiguration;
			buildSettings = {
				ALWAYS_EMBED_SWIFT_STANDARD_LIBRARIES = YES;
				BUNDLE_LOADER = "$(TEST_HOST)";
				CODE_SIGN_STYLE = Automatic;
				COMBINE_HIDPI_IMAGES = YES;
				CURRENT_PROJECT_VERSION = 1;
				DEVELOPMENT_TEAM = 9VS2VKC5LQ;
				GENERATE_INFOPLIST_FILE = YES;
				LD_RUNPATH_SEARCH_PATHS = (
					"$(inherited)",
					"@executable_path/../Frameworks",
					"@loader_path/../Frameworks",
				);
				MACOSX_DEPLOYMENT_TARGET = 12.0;
				MARKETING_VERSION = 1.0;
				PRODUCT_BUNDLE_IDENTIFIER = austincondiff.CodeEditTests;
				PRODUCT_NAME = "$(TARGET_NAME)";
				SWIFT_EMIT_LOC_STRINGS = NO;
				SWIFT_VERSION = 5.0;
				TEST_HOST = "$(BUILT_PRODUCTS_DIR)/CodeEdit.app/Contents/MacOS/CodeEdit";
			};
			name = Debug;
		};
		B658FB5627DA9E1000EA4DBD /* Release */ = {
			isa = XCBuildConfiguration;
			buildSettings = {
				ALWAYS_EMBED_SWIFT_STANDARD_LIBRARIES = YES;
				BUNDLE_LOADER = "$(TEST_HOST)";
				CODE_SIGN_STYLE = Automatic;
				COMBINE_HIDPI_IMAGES = YES;
				CURRENT_PROJECT_VERSION = 1;
				DEVELOPMENT_TEAM = 9VS2VKC5LQ;
				GENERATE_INFOPLIST_FILE = YES;
				LD_RUNPATH_SEARCH_PATHS = (
					"$(inherited)",
					"@executable_path/../Frameworks",
					"@loader_path/../Frameworks",
				);
				MACOSX_DEPLOYMENT_TARGET = 12.0;
				MARKETING_VERSION = 1.0;
				PRODUCT_BUNDLE_IDENTIFIER = austincondiff.CodeEditTests;
				PRODUCT_NAME = "$(TARGET_NAME)";
				SWIFT_EMIT_LOC_STRINGS = NO;
				SWIFT_VERSION = 5.0;
				TEST_HOST = "$(BUILT_PRODUCTS_DIR)/CodeEdit.app/Contents/MacOS/CodeEdit";
			};
			name = Release;
		};
		B658FB5827DA9E1000EA4DBD /* Debug */ = {
			isa = XCBuildConfiguration;
			buildSettings = {
				ALWAYS_EMBED_SWIFT_STANDARD_LIBRARIES = YES;
				CODE_SIGN_STYLE = Automatic;
				COMBINE_HIDPI_IMAGES = YES;
				CURRENT_PROJECT_VERSION = 1;
				DEVELOPMENT_TEAM = 9VS2VKC5LQ;
				GENERATE_INFOPLIST_FILE = YES;
				LD_RUNPATH_SEARCH_PATHS = (
					"$(inherited)",
					"@executable_path/../Frameworks",
					"@loader_path/../Frameworks",
				);
				MARKETING_VERSION = 1.0;
				PRODUCT_BUNDLE_IDENTIFIER = austincondiff.CodeEditUITests;
				PRODUCT_NAME = "$(TARGET_NAME)";
				SWIFT_EMIT_LOC_STRINGS = NO;
				SWIFT_VERSION = 5.0;
				TEST_TARGET_NAME = CodeEdit;
			};
			name = Debug;
		};
		B658FB5927DA9E1000EA4DBD /* Release */ = {
			isa = XCBuildConfiguration;
			buildSettings = {
				ALWAYS_EMBED_SWIFT_STANDARD_LIBRARIES = YES;
				CODE_SIGN_STYLE = Automatic;
				COMBINE_HIDPI_IMAGES = YES;
				CURRENT_PROJECT_VERSION = 1;
				DEVELOPMENT_TEAM = 9VS2VKC5LQ;
				GENERATE_INFOPLIST_FILE = YES;
				LD_RUNPATH_SEARCH_PATHS = (
					"$(inherited)",
					"@executable_path/../Frameworks",
					"@loader_path/../Frameworks",
				);
				MARKETING_VERSION = 1.0;
				PRODUCT_BUNDLE_IDENTIFIER = austincondiff.CodeEditUITests;
				PRODUCT_NAME = "$(TARGET_NAME)";
				SWIFT_EMIT_LOC_STRINGS = NO;
				SWIFT_VERSION = 5.0;
				TEST_TARGET_NAME = CodeEdit;
			};
			name = Release;
		};
/* End XCBuildConfiguration section */

/* Begin XCConfigurationList section */
		B658FB2727DA9E0F00EA4DBD /* Build configuration list for PBXProject "CodeEdit" */ = {
			isa = XCConfigurationList;
			buildConfigurations = (
				B658FB4F27DA9E1000EA4DBD /* Debug */,
				B658FB5027DA9E1000EA4DBD /* Release */,
			);
			defaultConfigurationIsVisible = 0;
			defaultConfigurationName = Release;
		};
		B658FB5127DA9E1000EA4DBD /* Build configuration list for PBXNativeTarget "CodeEdit" */ = {
			isa = XCConfigurationList;
			buildConfigurations = (
				B658FB5227DA9E1000EA4DBD /* Debug */,
				B658FB5327DA9E1000EA4DBD /* Release */,
			);
			defaultConfigurationIsVisible = 0;
			defaultConfigurationName = Release;
		};
		B658FB5427DA9E1000EA4DBD /* Build configuration list for PBXNativeTarget "CodeEditTests" */ = {
			isa = XCConfigurationList;
			buildConfigurations = (
				B658FB5527DA9E1000EA4DBD /* Debug */,
				B658FB5627DA9E1000EA4DBD /* Release */,
			);
			defaultConfigurationIsVisible = 0;
			defaultConfigurationName = Release;
		};
		B658FB5727DA9E1000EA4DBD /* Build configuration list for PBXNativeTarget "CodeEditUITests" */ = {
			isa = XCConfigurationList;
			buildConfigurations = (
				B658FB5827DA9E1000EA4DBD /* Debug */,
				B658FB5927DA9E1000EA4DBD /* Release */,
			);
			defaultConfigurationIsVisible = 0;
			defaultConfigurationName = Release;
		};
/* End XCConfigurationList section */

/* Begin XCSwiftPackageProductDependency section */
		5C403B8E27E20F8000788241 /* WorkspaceClient */ = {
			isa = XCSwiftPackageProductDependency;
			productName = WorkspaceClient;
		};
		5CF38A5D27E48E6C0096A0F7 /* CodeFile */ = {
			isa = XCSwiftPackageProductDependency;
			productName = CodeFile;
		};
		D70F5E2B27E4E8CF004EE4B9 /* WelcomeModule */ = {
			isa = XCSwiftPackageProductDependency;
			productName = WelcomeModule;
		};
/* End XCSwiftPackageProductDependency section */
	};
	rootObject = B658FB2427DA9E0F00EA4DBD /* Project object */;
}
