// !$*UTF8*$!
{
	archiveVersion = 1;
	classes = {
	};
	objectVersion = 55;
	objects = {

/* Begin PBXBuildFile section */
		043BCF03281DA18A000AC47C /* WorkspaceDocument+Search.swift in Sources */ = {isa = PBXBuildFile; fileRef = 043BCF02281DA18A000AC47C /* WorkspaceDocument+Search.swift */; };
		043BCF05281DA19A000AC47C /* WorkspaceDocument+Selection.swift in Sources */ = {isa = PBXBuildFile; fileRef = 043BCF04281DA19A000AC47C /* WorkspaceDocument+Selection.swift */; };
		043BCF07281DA2F5000AC47C /* TabBar in Frameworks */ = {isa = PBXBuildFile; productRef = 043BCF06281DA2F5000AC47C /* TabBar */; };
		043C321427E31FF6006AE443 /* CodeEditDocumentController.swift in Sources */ = {isa = PBXBuildFile; fileRef = 043C321327E31FF6006AE443 /* CodeEditDocumentController.swift */; };
		043C321627E3201F006AE443 /* WorkspaceDocument.swift in Sources */ = {isa = PBXBuildFile; fileRef = 043C321527E3201F006AE443 /* WorkspaceDocument.swift */; };
		043C321A27E32295006AE443 /* MainMenu.xib in Resources */ = {isa = PBXBuildFile; fileRef = 043C321927E32295006AE443 /* MainMenu.xib */; };
		04540D5E27DD08C300E91B77 /* WorkspaceView.swift in Sources */ = {isa = PBXBuildFile; fileRef = B658FB3127DA9E0F00EA4DBD /* WorkspaceView.swift */; };
		0463E51127FCC1DF00806D5C /* CodeEditAPI.swift in Sources */ = {isa = PBXBuildFile; fileRef = 0463E51027FCC1DF00806D5C /* CodeEditAPI.swift */; };
		0463E51327FCC1FB00806D5C /* CodeEditTargetsAPI.swift in Sources */ = {isa = PBXBuildFile; fileRef = 0463E51227FCC1FB00806D5C /* CodeEditTargetsAPI.swift */; };
		04660F6A27E51E5C00477777 /* CodeEditWindowController.swift in Sources */ = {isa = PBXBuildFile; fileRef = 04660F6927E51E5C00477777 /* CodeEditWindowController.swift */; };
		0483E34D27FCC46600354AC0 /* ExtensionsStore in Frameworks */ = {isa = PBXBuildFile; productRef = 0483E34C27FCC46600354AC0 /* ExtensionsStore */; };
		0483E35027FDB17700354AC0 /* ExtensionNavigator.swift in Sources */ = {isa = PBXBuildFile; fileRef = 0483E34F27FDB17700354AC0 /* ExtensionNavigator.swift */; };
		0485EB1F27E7458B00138301 /* WorkspaceCodeFileView.swift in Sources */ = {isa = PBXBuildFile; fileRef = 0485EB1E27E7458B00138301 /* WorkspaceCodeFileView.swift */; };
		04C3254B27FF23B000C8DA2D /* ExtensionNavigatorData.swift in Sources */ = {isa = PBXBuildFile; fileRef = 04C3254A27FF23B000C8DA2D /* ExtensionNavigatorData.swift */; };
		04C3254D27FF331B00C8DA2D /* ExtensionNavigatorItem.swift in Sources */ = {isa = PBXBuildFile; fileRef = 04C3254C27FF331B00C8DA2D /* ExtensionNavigatorItem.swift */; };
		04C3254F2800AA4700C8DA2D /* ExtensionInstallationView.swift in Sources */ = {isa = PBXBuildFile; fileRef = 04C3254E2800AA4700C8DA2D /* ExtensionInstallationView.swift */; };
		04C325512800AC7400C8DA2D /* ExtensionInstallationViewModel.swift in Sources */ = {isa = PBXBuildFile; fileRef = 04C325502800AC7400C8DA2D /* ExtensionInstallationViewModel.swift */; };
		04C3255B2801F86400C8DA2D /* OutlineViewController.swift in Sources */ = {isa = PBXBuildFile; fileRef = 285FEC6D27FE4B4A00E57D53 /* OutlineViewController.swift */; };
		04C3255C2801F86900C8DA2D /* OutlineMenu.swift in Sources */ = {isa = PBXBuildFile; fileRef = 285FEC7127FE4EEF00E57D53 /* OutlineMenu.swift */; };
		04C3256B28034FC800C8DA2D /* CodeEditKit in Frameworks */ = {isa = PBXBuildFile; productRef = 04C3256A28034FC800C8DA2D /* CodeEditKit */; };
		04C3256C28034FC800C8DA2D /* CodeEditKit in Embed Frameworks */ = {isa = PBXBuildFile; productRef = 04C3256A28034FC800C8DA2D /* CodeEditKit */; settings = {ATTRIBUTES = (CodeSignOnCopy, ); }; };
		200412EF280F3EAC00BCAF5C /* NoCommitHistoryView.swift in Sources */ = {isa = PBXBuildFile; fileRef = 200412EE280F3EAC00BCAF5C /* NoCommitHistoryView.swift */; };
		2004A3832808468600FD9696 /* Feedback in Frameworks */ = {isa = PBXBuildFile; productRef = 2004A3822808468600FD9696 /* Feedback */; };
		201169D72837B2E300F92B46 /* SourceControlNavigatorView.swift in Sources */ = {isa = PBXBuildFile; fileRef = 201169D62837B2E300F92B46 /* SourceControlNavigatorView.swift */; };
		201169D92837B31200F92B46 /* SourceControlSearchToolbar.swift in Sources */ = {isa = PBXBuildFile; fileRef = 201169D82837B31200F92B46 /* SourceControlSearchToolbar.swift */; };
		201169DB2837B34000F92B46 /* ChangedFileItemView.swift in Sources */ = {isa = PBXBuildFile; fileRef = 201169DA2837B34000F92B46 /* ChangedFileItemView.swift */; };
		201169DD2837B3AC00F92B46 /* SourceControlToolbarBottom.swift in Sources */ = {isa = PBXBuildFile; fileRef = 201169DC2837B3AC00F92B46 /* SourceControlToolbarBottom.swift */; };
		201169E22837B3D800F92B46 /* ChangesView.swift in Sources */ = {isa = PBXBuildFile; fileRef = 201169E12837B3D800F92B46 /* ChangesView.swift */; };
		201169E52837B40300F92B46 /* RepositoriesView.swift in Sources */ = {isa = PBXBuildFile; fileRef = 201169E42837B40300F92B46 /* RepositoriesView.swift */; };
		201169E72837B5CA00F92B46 /* SourceControlModel.swift in Sources */ = {isa = PBXBuildFile; fileRef = 201169E62837B5CA00F92B46 /* SourceControlModel.swift */; };
		2040F0B1280AE96100411B6F /* CodeEditUtils in Frameworks */ = {isa = PBXBuildFile; productRef = 2040F0B0280AE96100411B6F /* CodeEditUtils */; };
		2072FA13280D74ED00C7F8D4 /* HistoryInspectorModel.swift in Sources */ = {isa = PBXBuildFile; fileRef = 2072FA12280D74ED00C7F8D4 /* HistoryInspectorModel.swift */; };
		2072FA16280D83A500C7F8D4 /* FileTypeList.swift in Sources */ = {isa = PBXBuildFile; fileRef = 2072FA15280D83A500C7F8D4 /* FileTypeList.swift */; };
		2072FA18280D871200C7F8D4 /* TextEncoding.swift in Sources */ = {isa = PBXBuildFile; fileRef = 2072FA17280D871200C7F8D4 /* TextEncoding.swift */; };
		2072FA1A280D872600C7F8D4 /* LineEndings.swift in Sources */ = {isa = PBXBuildFile; fileRef = 2072FA19280D872600C7F8D4 /* LineEndings.swift */; };
		2072FA1C280D874000C7F8D4 /* IndentUsing.swift in Sources */ = {isa = PBXBuildFile; fileRef = 2072FA1B280D874000C7F8D4 /* IndentUsing.swift */; };
		2072FA1E280D891500C7F8D4 /* Location.swift in Sources */ = {isa = PBXBuildFile; fileRef = 2072FA1D280D891500C7F8D4 /* Location.swift */; };
		20AFDC7F28206701001A4FC7 /* Git in Frameworks */ = {isa = PBXBuildFile; productRef = 20AFDC7E28206701001A4FC7 /* Git */; };
		20D839AB280DEB2900B27357 /* NoSelectionView.swift in Sources */ = {isa = PBXBuildFile; fileRef = 20D839AA280DEB2900B27357 /* NoSelectionView.swift */; };
		20D839AE280E0CA700B27357 /* PopoverView.swift in Sources */ = {isa = PBXBuildFile; fileRef = 20D839AD280E0CA700B27357 /* PopoverView.swift */; };
		20EBB501280C325D00F3A5DA /* FileInspectorView.swift in Sources */ = {isa = PBXBuildFile; fileRef = 20EBB500280C325D00F3A5DA /* FileInspectorView.swift */; };
		20EBB503280C327C00F3A5DA /* HistoryInspector.swift in Sources */ = {isa = PBXBuildFile; fileRef = 20EBB502280C327C00F3A5DA /* HistoryInspector.swift */; };
		20EBB505280C329800F3A5DA /* HistoryItem.swift in Sources */ = {isa = PBXBuildFile; fileRef = 20EBB504280C329800F3A5DA /* HistoryItem.swift */; };
		20EBB507280C32D300F3A5DA /* QuickHelpInspector.swift in Sources */ = {isa = PBXBuildFile; fileRef = 20EBB506280C32D300F3A5DA /* QuickHelpInspector.swift */; };
		20EBB50D280C383700F3A5DA /* LanguageType.swift in Sources */ = {isa = PBXBuildFile; fileRef = 20EBB50C280C383700F3A5DA /* LanguageType.swift */; };
		20EBB50F280C389300F3A5DA /* FileInspectorModel.swift in Sources */ = {isa = PBXBuildFile; fileRef = 20EBB50E280C389300F3A5DA /* FileInspectorModel.swift */; };
		2803257127F3CF1F009C7DC2 /* AppPreferences in Frameworks */ = {isa = PBXBuildFile; productRef = 2803257027F3CF1F009C7DC2 /* AppPreferences */; };
		28117FD0280768A500649353 /* CodeEditUI in Frameworks */ = {isa = PBXBuildFile; productRef = 28117FCF280768A500649353 /* CodeEditUI */; };
		2813F93827ECC4AA00E305E4 /* FindNavigatorResultList.swift in Sources */ = {isa = PBXBuildFile; fileRef = D7E201B327E9989900CB86D0 /* FindNavigatorResultList.swift */; };
		2813F93927ECC4C300E305E4 /* NavigatorSidebar.swift in Sources */ = {isa = PBXBuildFile; fileRef = 287776E627E3413200D46668 /* NavigatorSidebar.swift */; };
		2816F594280CF50500DD548B /* CodeEditSymbols in Frameworks */ = {isa = PBXBuildFile; productRef = 2816F593280CF50500DD548B /* CodeEditSymbols */; };
		2847019E27FDDF7600F87B6B /* OutlineView.swift in Sources */ = {isa = PBXBuildFile; fileRef = 2847019D27FDDF7600F87B6B /* OutlineView.swift */; };
		285FEC7027FE4B9800E57D53 /* OutlineTableViewCell.swift in Sources */ = {isa = PBXBuildFile; fileRef = 285FEC6F27FE4B9800E57D53 /* OutlineTableViewCell.swift */; };
		286471AB27ED51FD0039369D /* ProjectNavigator.swift in Sources */ = {isa = PBXBuildFile; fileRef = 286471AA27ED51FD0039369D /* ProjectNavigator.swift */; };
		2864BAAC28117B3F002DBD1A /* ShellClient in Frameworks */ = {isa = PBXBuildFile; productRef = 2864BAAB28117B3F002DBD1A /* ShellClient */; };
		2864BAAE28117D7C002DBD1A /* TerminalEmulator in Frameworks */ = {isa = PBXBuildFile; productRef = 2864BAAD28117D7C002DBD1A /* TerminalEmulator */; };
		287776E927E34BC700D46668 /* TabBar.swift in Sources */ = {isa = PBXBuildFile; fileRef = 287776E827E34BC700D46668 /* TabBar.swift */; };
		287776EF27E3515300D46668 /* TabBarItem.swift in Sources */ = {isa = PBXBuildFile; fileRef = 287776EE27E3515300D46668 /* TabBarItem.swift */; };
		28A51001281673530087B0CC /* codeedit-xcode-dark.json in Resources */ = {isa = PBXBuildFile; fileRef = 28A50FFF281673530087B0CC /* codeedit-xcode-dark.json */; };
		28A51002281673530087B0CC /* codeedit-xcode-light.json in Resources */ = {isa = PBXBuildFile; fileRef = 28A51000281673530087B0CC /* codeedit-xcode-light.json */; };
		28A51005281701B40087B0CC /* codeedit-github-light.json in Resources */ = {isa = PBXBuildFile; fileRef = 28A51003281701B40087B0CC /* codeedit-github-light.json */; };
		28A51006281701B40087B0CC /* codeedit-github-dark.json in Resources */ = {isa = PBXBuildFile; fileRef = 28A51004281701B40087B0CC /* codeedit-github-dark.json */; };
		28B0A19827E385C300B73177 /* NavigatorSidebarToolbarTop.swift in Sources */ = {isa = PBXBuildFile; fileRef = 28B0A19727E385C300B73177 /* NavigatorSidebarToolbarTop.swift */; };
		28B8F884280FFE4600596236 /* NSTableView+Background.swift in Sources */ = {isa = PBXBuildFile; fileRef = 28B8F883280FFE4600596236 /* NSTableView+Background.swift */; };
		28CE5EA027E6493D0065D29C /* StatusBar in Frameworks */ = {isa = PBXBuildFile; productRef = 28CE5E9F27E6493D0065D29C /* StatusBar */; };
		28FFE1BF27E3A441001939DB /* NavigatorSidebarToolbarBottom.swift in Sources */ = {isa = PBXBuildFile; fileRef = 28FFE1BE27E3A441001939DB /* NavigatorSidebarToolbarBottom.swift */; };
		2B7A583527E4BA0100D25D4E /* AppDelegate.swift in Sources */ = {isa = PBXBuildFile; fileRef = 0468438427DC76E200F8E88E /* AppDelegate.swift */; };
		2B7AC06B282452FB0082A5B8 /* Media.xcassets in Resources */ = {isa = PBXBuildFile; fileRef = 2B7AC06A282452FB0082A5B8 /* Media.xcassets */; };
		2BE487EF28245162003F3F64 /* FinderSync.swift in Sources */ = {isa = PBXBuildFile; fileRef = 2BE487EE28245162003F3F64 /* FinderSync.swift */; };
		2BE487F428245162003F3F64 /* OpenWithCodeEdit.appex in Embed App Extensions */ = {isa = PBXBuildFile; fileRef = 2BE487EC28245162003F3F64 /* OpenWithCodeEdit.appex */; settings = {ATTRIBUTES = (RemoveHeadersOnCopy, ); }; };
		5C403B8F27E20F8000788241 /* WorkspaceClient in Frameworks */ = {isa = PBXBuildFile; productRef = 5C403B8E27E20F8000788241 /* WorkspaceClient */; };
		5C4BB1E128212B1E00A92FB2 /* World.swift in Sources */ = {isa = PBXBuildFile; fileRef = 5C4BB1E028212B1E00A92FB2 /* World.swift */; };
		5CA8776527FC6A95003F5CD5 /* QuickOpen in Frameworks */ = {isa = PBXBuildFile; productRef = 5CA8776427FC6A95003F5CD5 /* QuickOpen */; };
		5CAD1B972806B57D0059A74E /* Breadcrumbs in Frameworks */ = {isa = PBXBuildFile; productRef = 5CAD1B962806B57D0059A74E /* Breadcrumbs */; };
		5CF38A5E27E48E6C0096A0F7 /* CodeFile in Frameworks */ = {isa = PBXBuildFile; productRef = 5CF38A5D27E48E6C0096A0F7 /* CodeFile */; };
		64B64EDE27F7B79400C400F1 /* About in Frameworks */ = {isa = PBXBuildFile; productRef = 64B64EDD27F7B79400C400F1 /* About */; };
		6C05A8AF284D0CA3007F4EAA /* WorkspaceDocument+Listeners.swift in Sources */ = {isa = PBXBuildFile; fileRef = 6C05A8AE284D0CA3007F4EAA /* WorkspaceDocument+Listeners.swift */; };
		6CDA84AB284C0E4A00C1CC3A /* TabBarItemButtonStyle.swift in Sources */ = {isa = PBXBuildFile; fileRef = 6CDA84AA284C0E4A00C1CC3A /* TabBarItemButtonStyle.swift */; };
		6CDA84AD284C1BA000C1CC3A /* TabBarContextMenu.swift in Sources */ = {isa = PBXBuildFile; fileRef = 6CDA84AC284C1BA000C1CC3A /* TabBarContextMenu.swift */; };
		9C3E1A07284E8E020042BEC0 /* WelcomeModuleExtensions.swift in Sources */ = {isa = PBXBuildFile; fileRef = 9C3E1A06284E8E020042BEC0 /* WelcomeModuleExtensions.swift */; };
		B658FB3427DA9E1000EA4DBD /* Assets.xcassets in Resources */ = {isa = PBXBuildFile; fileRef = B658FB3327DA9E1000EA4DBD /* Assets.xcassets */; };
		B658FB3727DA9E1000EA4DBD /* Preview Assets.xcassets in Resources */ = {isa = PBXBuildFile; fileRef = B658FB3627DA9E1000EA4DBD /* Preview Assets.xcassets */; };
		B6EE989027E8879A00CDD8AB /* InspectorSidebar.swift in Sources */ = {isa = PBXBuildFile; fileRef = B6EE988F27E8879A00CDD8AB /* InspectorSidebar.swift */; };
		B6EE989227E887C600CDD8AB /* InspectorSidebarToolbar.swift in Sources */ = {isa = PBXBuildFile; fileRef = B6EE989127E887C600CDD8AB /* InspectorSidebarToolbar.swift */; };
		D7012EE827E757850001E1EF /* FindNavigator.swift in Sources */ = {isa = PBXBuildFile; fileRef = D7012EE727E757850001E1EF /* FindNavigator.swift */; };
		D70F5E2C27E4E8CF004EE4B9 /* WelcomeModule in Frameworks */ = {isa = PBXBuildFile; productRef = D70F5E2B27E4E8CF004EE4B9 /* WelcomeModule */; };
		D7211D4327E066CE008F2ED7 /* Localized+Ex.swift in Sources */ = {isa = PBXBuildFile; fileRef = D7211D4227E066CE008F2ED7 /* Localized+Ex.swift */; };
		D7211D4727E06BFE008F2ED7 /* Localizable.strings in Resources */ = {isa = PBXBuildFile; fileRef = D7211D4927E06BFE008F2ED7 /* Localizable.strings */; };
		D7E201AE27E8B3C000CB86D0 /* String+Ranges.swift in Sources */ = {isa = PBXBuildFile; fileRef = D7E201AD27E8B3C000CB86D0 /* String+Ranges.swift */; };
		D7E201B027E8C07300CB86D0 /* FindNavigatorSearchBar.swift in Sources */ = {isa = PBXBuildFile; fileRef = D7E201AF27E8C07300CB86D0 /* FindNavigatorSearchBar.swift */; };
		D7E201B227E8D50000CB86D0 /* FindNavigatorModeSelector.swift in Sources */ = {isa = PBXBuildFile; fileRef = D7E201B127E8D50000CB86D0 /* FindNavigatorModeSelector.swift */; };
		D7E201BD27EA00E200CB86D0 /* FindNavigatorResultFileItem.swift in Sources */ = {isa = PBXBuildFile; fileRef = D7E201BC27EA00E200CB86D0 /* FindNavigatorResultFileItem.swift */; };
		D7F72DEB27EA3574000C3064 /* Search in Frameworks */ = {isa = PBXBuildFile; productRef = D7F72DEA27EA3574000C3064 /* Search */; };
		DE513F52281B672D002260B9 /* TabBarAccessory.swift in Sources */ = {isa = PBXBuildFile; fileRef = DE513F51281B672D002260B9 /* TabBarAccessory.swift */; };
		DE513F54281DE5D0002260B9 /* TabBarXcode.swift in Sources */ = {isa = PBXBuildFile; fileRef = DE513F53281DE5D0002260B9 /* TabBarXcode.swift */; };
		DE6405A62817734700881FDF /* TabBarNative.swift in Sources */ = {isa = PBXBuildFile; fileRef = DE6405A52817734700881FDF /* TabBarNative.swift */; };
		DE6F77872813625500D00A76 /* TabBarDivider.swift in Sources */ = {isa = PBXBuildFile; fileRef = DE6F77862813625500D00A76 /* TabBarDivider.swift */; };
		FD6A3D3D2817C13B008BCF11 /* Package.resolved in Resources */ = {isa = PBXBuildFile; fileRef = FD6A3D3C2817C13B008BCF11 /* Package.resolved */; };
/* End PBXBuildFile section */

/* Begin PBXContainerItemProxy section */
		2BE487F228245162003F3F64 /* PBXContainerItemProxy */ = {
			isa = PBXContainerItemProxy;
			containerPortal = B658FB2427DA9E0F00EA4DBD /* Project object */;
			proxyType = 1;
			remoteGlobalIDString = 2BE487EB28245162003F3F64;
			remoteInfo = OpenWithCodeEdit;
		};
		B658FB3E27DA9E1000EA4DBD /* PBXContainerItemProxy */ = {
			isa = PBXContainerItemProxy;
			containerPortal = B658FB2427DA9E0F00EA4DBD /* Project object */;
			proxyType = 1;
			remoteGlobalIDString = B658FB2B27DA9E0F00EA4DBD;
			remoteInfo = CodeEdit;
		};
		B658FB4827DA9E1000EA4DBD /* PBXContainerItemProxy */ = {
			isa = PBXContainerItemProxy;
			containerPortal = B658FB2427DA9E0F00EA4DBD /* Project object */;
			proxyType = 1;
			remoteGlobalIDString = B658FB2B27DA9E0F00EA4DBD;
			remoteInfo = CodeEdit;
		};
/* End PBXContainerItemProxy section */

/* Begin PBXCopyFilesBuildPhase section */
		04C3255A2801B43A00C8DA2D /* Embed Frameworks */ = {
			isa = PBXCopyFilesBuildPhase;
			buildActionMask = 2147483647;
			dstPath = "";
			dstSubfolderSpec = 10;
			files = (
				04C3256C28034FC800C8DA2D /* CodeEditKit in Embed Frameworks */,
			);
			name = "Embed Frameworks";
			runOnlyForDeploymentPostprocessing = 0;
		};
		2BE487F528245162003F3F64 /* Embed App Extensions */ = {
			isa = PBXCopyFilesBuildPhase;
			buildActionMask = 2147483647;
			dstPath = "";
			dstSubfolderSpec = 13;
			files = (
				2BE487F428245162003F3F64 /* OpenWithCodeEdit.appex in Embed App Extensions */,
			);
			name = "Embed App Extensions";
			runOnlyForDeploymentPostprocessing = 0;
		};
/* End PBXCopyFilesBuildPhase section */

/* Begin PBXFileReference section */
		043BCF02281DA18A000AC47C /* WorkspaceDocument+Search.swift */ = {isa = PBXFileReference; lastKnownFileType = sourcecode.swift; path = "WorkspaceDocument+Search.swift"; sourceTree = "<group>"; };
		043BCF04281DA19A000AC47C /* WorkspaceDocument+Selection.swift */ = {isa = PBXFileReference; lastKnownFileType = sourcecode.swift; path = "WorkspaceDocument+Selection.swift"; sourceTree = "<group>"; };
		043C321327E31FF6006AE443 /* CodeEditDocumentController.swift */ = {isa = PBXFileReference; lastKnownFileType = sourcecode.swift; path = CodeEditDocumentController.swift; sourceTree = "<group>"; };
		043C321527E3201F006AE443 /* WorkspaceDocument.swift */ = {isa = PBXFileReference; lastKnownFileType = sourcecode.swift; path = WorkspaceDocument.swift; sourceTree = "<group>"; };
		043C321927E32295006AE443 /* MainMenu.xib */ = {isa = PBXFileReference; lastKnownFileType = file.xib; path = MainMenu.xib; sourceTree = "<group>"; };
		0463E51027FCC1DF00806D5C /* CodeEditAPI.swift */ = {isa = PBXFileReference; lastKnownFileType = sourcecode.swift; path = CodeEditAPI.swift; sourceTree = "<group>"; };
		0463E51227FCC1FB00806D5C /* CodeEditTargetsAPI.swift */ = {isa = PBXFileReference; lastKnownFileType = sourcecode.swift; path = CodeEditTargetsAPI.swift; sourceTree = "<group>"; };
		04660F6027E3A68A00477777 /* Info.plist */ = {isa = PBXFileReference; fileEncoding = 4; lastKnownFileType = text.plist.xml; path = Info.plist; sourceTree = "<group>"; };
		04660F6927E51E5C00477777 /* CodeEditWindowController.swift */ = {isa = PBXFileReference; lastKnownFileType = sourcecode.swift; path = CodeEditWindowController.swift; sourceTree = "<group>"; };
		0468438427DC76E200F8E88E /* AppDelegate.swift */ = {isa = PBXFileReference; lastKnownFileType = sourcecode.swift; path = AppDelegate.swift; sourceTree = "<group>"; };
		0483E34F27FDB17700354AC0 /* ExtensionNavigator.swift */ = {isa = PBXFileReference; lastKnownFileType = sourcecode.swift; path = ExtensionNavigator.swift; sourceTree = "<group>"; };
		0485EB1E27E7458B00138301 /* WorkspaceCodeFileView.swift */ = {isa = PBXFileReference; lastKnownFileType = sourcecode.swift; path = WorkspaceCodeFileView.swift; sourceTree = "<group>"; };
		04C3254A27FF23B000C8DA2D /* ExtensionNavigatorData.swift */ = {isa = PBXFileReference; lastKnownFileType = sourcecode.swift; path = ExtensionNavigatorData.swift; sourceTree = "<group>"; };
		04C3254C27FF331B00C8DA2D /* ExtensionNavigatorItem.swift */ = {isa = PBXFileReference; lastKnownFileType = sourcecode.swift; path = ExtensionNavigatorItem.swift; sourceTree = "<group>"; };
		04C3254E2800AA4700C8DA2D /* ExtensionInstallationView.swift */ = {isa = PBXFileReference; lastKnownFileType = sourcecode.swift; path = ExtensionInstallationView.swift; sourceTree = "<group>"; };
		04C325502800AC7400C8DA2D /* ExtensionInstallationViewModel.swift */ = {isa = PBXFileReference; lastKnownFileType = sourcecode.swift; path = ExtensionInstallationViewModel.swift; sourceTree = "<group>"; };
		200412EE280F3EAC00BCAF5C /* NoCommitHistoryView.swift */ = {isa = PBXFileReference; lastKnownFileType = sourcecode.swift; path = NoCommitHistoryView.swift; sourceTree = "<group>"; };
		201169D62837B2E300F92B46 /* SourceControlNavigatorView.swift */ = {isa = PBXFileReference; lastKnownFileType = sourcecode.swift; path = SourceControlNavigatorView.swift; sourceTree = "<group>"; };
		201169D82837B31200F92B46 /* SourceControlSearchToolbar.swift */ = {isa = PBXFileReference; lastKnownFileType = sourcecode.swift; path = SourceControlSearchToolbar.swift; sourceTree = "<group>"; };
		201169DA2837B34000F92B46 /* ChangedFileItemView.swift */ = {isa = PBXFileReference; lastKnownFileType = sourcecode.swift; path = ChangedFileItemView.swift; sourceTree = "<group>"; };
		201169DC2837B3AC00F92B46 /* SourceControlToolbarBottom.swift */ = {isa = PBXFileReference; lastKnownFileType = sourcecode.swift; path = SourceControlToolbarBottom.swift; sourceTree = "<group>"; };
		201169E12837B3D800F92B46 /* ChangesView.swift */ = {isa = PBXFileReference; lastKnownFileType = sourcecode.swift; path = ChangesView.swift; sourceTree = "<group>"; };
		201169E42837B40300F92B46 /* RepositoriesView.swift */ = {isa = PBXFileReference; lastKnownFileType = sourcecode.swift; path = RepositoriesView.swift; sourceTree = "<group>"; };
		201169E62837B5CA00F92B46 /* SourceControlModel.swift */ = {isa = PBXFileReference; lastKnownFileType = sourcecode.swift; path = SourceControlModel.swift; sourceTree = "<group>"; };
		2072FA12280D74ED00C7F8D4 /* HistoryInspectorModel.swift */ = {isa = PBXFileReference; lastKnownFileType = sourcecode.swift; path = HistoryInspectorModel.swift; sourceTree = "<group>"; };
		2072FA15280D83A500C7F8D4 /* FileTypeList.swift */ = {isa = PBXFileReference; lastKnownFileType = sourcecode.swift; path = FileTypeList.swift; sourceTree = "<group>"; };
		2072FA17280D871200C7F8D4 /* TextEncoding.swift */ = {isa = PBXFileReference; lastKnownFileType = sourcecode.swift; path = TextEncoding.swift; sourceTree = "<group>"; };
		2072FA19280D872600C7F8D4 /* LineEndings.swift */ = {isa = PBXFileReference; lastKnownFileType = sourcecode.swift; path = LineEndings.swift; sourceTree = "<group>"; };
		2072FA1B280D874000C7F8D4 /* IndentUsing.swift */ = {isa = PBXFileReference; lastKnownFileType = sourcecode.swift; path = IndentUsing.swift; sourceTree = "<group>"; };
		2072FA1D280D891500C7F8D4 /* Location.swift */ = {isa = PBXFileReference; lastKnownFileType = sourcecode.swift; path = Location.swift; sourceTree = "<group>"; };
		20D839AA280DEB2900B27357 /* NoSelectionView.swift */ = {isa = PBXFileReference; lastKnownFileType = sourcecode.swift; path = NoSelectionView.swift; sourceTree = "<group>"; };
		20D839AD280E0CA700B27357 /* PopoverView.swift */ = {isa = PBXFileReference; lastKnownFileType = sourcecode.swift; path = PopoverView.swift; sourceTree = "<group>"; };
		20EBB500280C325D00F3A5DA /* FileInspectorView.swift */ = {isa = PBXFileReference; lastKnownFileType = sourcecode.swift; path = FileInspectorView.swift; sourceTree = "<group>"; };
		20EBB502280C327C00F3A5DA /* HistoryInspector.swift */ = {isa = PBXFileReference; lastKnownFileType = sourcecode.swift; path = HistoryInspector.swift; sourceTree = "<group>"; };
		20EBB504280C329800F3A5DA /* HistoryItem.swift */ = {isa = PBXFileReference; lastKnownFileType = sourcecode.swift; path = HistoryItem.swift; sourceTree = "<group>"; };
		20EBB506280C32D300F3A5DA /* QuickHelpInspector.swift */ = {isa = PBXFileReference; lastKnownFileType = sourcecode.swift; path = QuickHelpInspector.swift; sourceTree = "<group>"; };
		20EBB50C280C383700F3A5DA /* LanguageType.swift */ = {isa = PBXFileReference; lastKnownFileType = sourcecode.swift; path = LanguageType.swift; sourceTree = "<group>"; };
		20EBB50E280C389300F3A5DA /* FileInspectorModel.swift */ = {isa = PBXFileReference; lastKnownFileType = sourcecode.swift; path = FileInspectorModel.swift; sourceTree = "<group>"; };
		2847019D27FDDF7600F87B6B /* OutlineView.swift */ = {isa = PBXFileReference; lastKnownFileType = sourcecode.swift; path = OutlineView.swift; sourceTree = "<group>"; };
		285FEC6D27FE4B4A00E57D53 /* OutlineViewController.swift */ = {isa = PBXFileReference; lastKnownFileType = sourcecode.swift; path = OutlineViewController.swift; sourceTree = "<group>"; };
		285FEC6F27FE4B9800E57D53 /* OutlineTableViewCell.swift */ = {isa = PBXFileReference; lastKnownFileType = sourcecode.swift; path = OutlineTableViewCell.swift; sourceTree = "<group>"; };
		285FEC7127FE4EEF00E57D53 /* OutlineMenu.swift */ = {isa = PBXFileReference; lastKnownFileType = sourcecode.swift; path = OutlineMenu.swift; sourceTree = "<group>"; };
		286471AA27ED51FD0039369D /* ProjectNavigator.swift */ = {isa = PBXFileReference; indentWidth = 4; lastKnownFileType = sourcecode.swift; path = ProjectNavigator.swift; sourceTree = "<group>"; tabWidth = 4; };
		287776E627E3413200D46668 /* NavigatorSidebar.swift */ = {isa = PBXFileReference; indentWidth = 4; lastKnownFileType = sourcecode.swift; path = NavigatorSidebar.swift; sourceTree = "<group>"; tabWidth = 4; };
		287776E827E34BC700D46668 /* TabBar.swift */ = {isa = PBXFileReference; lastKnownFileType = sourcecode.swift; path = TabBar.swift; sourceTree = "<group>"; };
		287776EE27E3515300D46668 /* TabBarItem.swift */ = {isa = PBXFileReference; lastKnownFileType = sourcecode.swift; path = TabBarItem.swift; sourceTree = "<group>"; };
		28A50FFF281673530087B0CC /* codeedit-xcode-dark.json */ = {isa = PBXFileReference; fileEncoding = 4; lastKnownFileType = text.json; path = "codeedit-xcode-dark.json"; sourceTree = "<group>"; };
		28A51000281673530087B0CC /* codeedit-xcode-light.json */ = {isa = PBXFileReference; fileEncoding = 4; lastKnownFileType = text.json; path = "codeedit-xcode-light.json"; sourceTree = "<group>"; };
		28A51003281701B40087B0CC /* codeedit-github-light.json */ = {isa = PBXFileReference; fileEncoding = 4; lastKnownFileType = text.json; path = "codeedit-github-light.json"; sourceTree = "<group>"; };
		28A51004281701B40087B0CC /* codeedit-github-dark.json */ = {isa = PBXFileReference; fileEncoding = 4; lastKnownFileType = text.json; path = "codeedit-github-dark.json"; sourceTree = "<group>"; };
		28B0A19727E385C300B73177 /* NavigatorSidebarToolbarTop.swift */ = {isa = PBXFileReference; indentWidth = 4; lastKnownFileType = sourcecode.swift; path = NavigatorSidebarToolbarTop.swift; sourceTree = "<group>"; tabWidth = 4; };
		28B8F883280FFE4600596236 /* NSTableView+Background.swift */ = {isa = PBXFileReference; lastKnownFileType = sourcecode.swift; path = "NSTableView+Background.swift"; sourceTree = "<group>"; };
		28FFE1BE27E3A441001939DB /* NavigatorSidebarToolbarBottom.swift */ = {isa = PBXFileReference; indentWidth = 4; lastKnownFileType = sourcecode.swift; path = NavigatorSidebarToolbarBottom.swift; sourceTree = "<group>"; tabWidth = 4; };
		2B15CA0028254139004E8F22 /* OpenWithCodeEdit.entitlements */ = {isa = PBXFileReference; fileEncoding = 4; lastKnownFileType = text.plist.entitlements; path = OpenWithCodeEdit.entitlements; sourceTree = "<group>"; };
		2B7AC06A282452FB0082A5B8 /* Media.xcassets */ = {isa = PBXFileReference; lastKnownFileType = folder.assetcatalog; path = Media.xcassets; sourceTree = "<group>"; };
		2BE487EC28245162003F3F64 /* OpenWithCodeEdit.appex */ = {isa = PBXFileReference; explicitFileType = "wrapper.app-extension"; includeInIndex = 0; path = OpenWithCodeEdit.appex; sourceTree = BUILT_PRODUCTS_DIR; };
		2BE487EE28245162003F3F64 /* FinderSync.swift */ = {isa = PBXFileReference; lastKnownFileType = sourcecode.swift; path = FinderSync.swift; sourceTree = "<group>"; };
		2BE487F028245162003F3F64 /* Info.plist */ = {isa = PBXFileReference; lastKnownFileType = text.plist.xml; path = Info.plist; sourceTree = "<group>"; };
		5C4BB1E028212B1E00A92FB2 /* World.swift */ = {isa = PBXFileReference; lastKnownFileType = sourcecode.swift; path = World.swift; sourceTree = "<group>"; };
		6C05A8AE284D0CA3007F4EAA /* WorkspaceDocument+Listeners.swift */ = {isa = PBXFileReference; lastKnownFileType = sourcecode.swift; path = "WorkspaceDocument+Listeners.swift"; sourceTree = "<group>"; };
		6CDA84AA284C0E4A00C1CC3A /* TabBarItemButtonStyle.swift */ = {isa = PBXFileReference; lastKnownFileType = sourcecode.swift; path = TabBarItemButtonStyle.swift; sourceTree = "<group>"; };
		6CDA84AC284C1BA000C1CC3A /* TabBarContextMenu.swift */ = {isa = PBXFileReference; lastKnownFileType = sourcecode.swift; path = TabBarContextMenu.swift; sourceTree = "<group>"; };
		9C3E1A06284E8E020042BEC0 /* WelcomeModuleExtensions.swift */ = {isa = PBXFileReference; lastKnownFileType = sourcecode.swift; path = WelcomeModuleExtensions.swift; sourceTree = "<group>"; };
		B658FB2C27DA9E0F00EA4DBD /* CodeEdit.app */ = {isa = PBXFileReference; explicitFileType = wrapper.application; includeInIndex = 0; path = CodeEdit.app; sourceTree = BUILT_PRODUCTS_DIR; };
		B658FB3127DA9E0F00EA4DBD /* WorkspaceView.swift */ = {isa = PBXFileReference; indentWidth = 4; lastKnownFileType = sourcecode.swift; path = WorkspaceView.swift; sourceTree = "<group>"; tabWidth = 4; };
		B658FB3327DA9E1000EA4DBD /* Assets.xcassets */ = {isa = PBXFileReference; lastKnownFileType = folder.assetcatalog; path = Assets.xcassets; sourceTree = "<group>"; };
		B658FB3627DA9E1000EA4DBD /* Preview Assets.xcassets */ = {isa = PBXFileReference; lastKnownFileType = folder.assetcatalog; path = "Preview Assets.xcassets"; sourceTree = "<group>"; };
		B658FB3827DA9E1000EA4DBD /* CodeEdit.entitlements */ = {isa = PBXFileReference; lastKnownFileType = text.plist.entitlements; path = CodeEdit.entitlements; sourceTree = "<group>"; };
		B658FB3D27DA9E1000EA4DBD /* CodeEditTests.xctest */ = {isa = PBXFileReference; explicitFileType = wrapper.cfbundle; includeInIndex = 0; path = CodeEditTests.xctest; sourceTree = BUILT_PRODUCTS_DIR; };
		B658FB4727DA9E1000EA4DBD /* CodeEditUITests.xctest */ = {isa = PBXFileReference; explicitFileType = wrapper.cfbundle; includeInIndex = 0; path = CodeEditUITests.xctest; sourceTree = BUILT_PRODUCTS_DIR; };
		B6EE988F27E8879A00CDD8AB /* InspectorSidebar.swift */ = {isa = PBXFileReference; indentWidth = 4; lastKnownFileType = sourcecode.swift; path = InspectorSidebar.swift; sourceTree = "<group>"; tabWidth = 4; };
		B6EE989127E887C600CDD8AB /* InspectorSidebarToolbar.swift */ = {isa = PBXFileReference; lastKnownFileType = sourcecode.swift; path = InspectorSidebarToolbar.swift; sourceTree = "<group>"; };
		D7012EE727E757850001E1EF /* FindNavigator.swift */ = {isa = PBXFileReference; indentWidth = 4; lastKnownFileType = sourcecode.swift; path = FindNavigator.swift; sourceTree = "<group>"; tabWidth = 4; };
		D7211D4227E066CE008F2ED7 /* Localized+Ex.swift */ = {isa = PBXFileReference; lastKnownFileType = sourcecode.swift; path = "Localized+Ex.swift"; sourceTree = "<group>"; };
		D7211D4827E06BFE008F2ED7 /* en */ = {isa = PBXFileReference; lastKnownFileType = text.plist.strings; name = en; path = en.lproj/Localizable.strings; sourceTree = "<group>"; };
		D7E201AD27E8B3C000CB86D0 /* String+Ranges.swift */ = {isa = PBXFileReference; lastKnownFileType = sourcecode.swift; path = "String+Ranges.swift"; sourceTree = "<group>"; };
		D7E201AF27E8C07300CB86D0 /* FindNavigatorSearchBar.swift */ = {isa = PBXFileReference; lastKnownFileType = sourcecode.swift; path = FindNavigatorSearchBar.swift; sourceTree = "<group>"; };
		D7E201B127E8D50000CB86D0 /* FindNavigatorModeSelector.swift */ = {isa = PBXFileReference; lastKnownFileType = sourcecode.swift; path = FindNavigatorModeSelector.swift; sourceTree = "<group>"; };
		D7E201B327E9989900CB86D0 /* FindNavigatorResultList.swift */ = {isa = PBXFileReference; lastKnownFileType = sourcecode.swift; path = FindNavigatorResultList.swift; sourceTree = "<group>"; };
		D7E201BC27EA00E200CB86D0 /* FindNavigatorResultFileItem.swift */ = {isa = PBXFileReference; lastKnownFileType = sourcecode.swift; path = FindNavigatorResultFileItem.swift; sourceTree = "<group>"; };
		DE513F51281B672D002260B9 /* TabBarAccessory.swift */ = {isa = PBXFileReference; lastKnownFileType = sourcecode.swift; path = TabBarAccessory.swift; sourceTree = "<group>"; };
		DE513F53281DE5D0002260B9 /* TabBarXcode.swift */ = {isa = PBXFileReference; lastKnownFileType = sourcecode.swift; path = TabBarXcode.swift; sourceTree = "<group>"; };
		DE6405A52817734700881FDF /* TabBarNative.swift */ = {isa = PBXFileReference; lastKnownFileType = sourcecode.swift; path = TabBarNative.swift; sourceTree = "<group>"; };
		DE6F77862813625500D00A76 /* TabBarDivider.swift */ = {isa = PBXFileReference; lastKnownFileType = sourcecode.swift; path = TabBarDivider.swift; sourceTree = "<group>"; };
		FD6A3D3C2817C13B008BCF11 /* Package.resolved */ = {isa = PBXFileReference; lastKnownFileType = text; path = Package.resolved; sourceTree = SOURCE_ROOT; };
/* End PBXFileReference section */

/* Begin PBXFrameworksBuildPhase section */
		2BE487E928245162003F3F64 /* Frameworks */ = {
			isa = PBXFrameworksBuildPhase;
			buildActionMask = 2147483647;
			files = (
			);
			runOnlyForDeploymentPostprocessing = 0;
		};
		B658FB2927DA9E0F00EA4DBD /* Frameworks */ = {
			isa = PBXFrameworksBuildPhase;
			buildActionMask = 2147483647;
			files = (
				0483E34D27FCC46600354AC0 /* ExtensionsStore in Frameworks */,
				64B64EDE27F7B79400C400F1 /* About in Frameworks */,
				043BCF07281DA2F5000AC47C /* TabBar in Frameworks */,
				20AFDC7F28206701001A4FC7 /* Git in Frameworks */,
				04C3256B28034FC800C8DA2D /* CodeEditKit in Frameworks */,
				2864BAAC28117B3F002DBD1A /* ShellClient in Frameworks */,
				2864BAAE28117D7C002DBD1A /* TerminalEmulator in Frameworks */,
				5C403B8F27E20F8000788241 /* WorkspaceClient in Frameworks */,
				5CAD1B972806B57D0059A74E /* Breadcrumbs in Frameworks */,
				2803257127F3CF1F009C7DC2 /* AppPreferences in Frameworks */,
				2040F0B1280AE96100411B6F /* CodeEditUtils in Frameworks */,
				5CA8776527FC6A95003F5CD5 /* QuickOpen in Frameworks */,
				D70F5E2C27E4E8CF004EE4B9 /* WelcomeModule in Frameworks */,
				D7F72DEB27EA3574000C3064 /* Search in Frameworks */,
				2816F594280CF50500DD548B /* CodeEditSymbols in Frameworks */,
				28CE5EA027E6493D0065D29C /* StatusBar in Frameworks */,
				2004A3832808468600FD9696 /* Feedback in Frameworks */,
				5CF38A5E27E48E6C0096A0F7 /* CodeFile in Frameworks */,
				28117FD0280768A500649353 /* CodeEditUI in Frameworks */,
			);
			runOnlyForDeploymentPostprocessing = 0;
		};
		B658FB3A27DA9E1000EA4DBD /* Frameworks */ = {
			isa = PBXFrameworksBuildPhase;
			buildActionMask = 2147483647;
			files = (
			);
			runOnlyForDeploymentPostprocessing = 0;
		};
		B658FB4427DA9E1000EA4DBD /* Frameworks */ = {
			isa = PBXFrameworksBuildPhase;
			buildActionMask = 2147483647;
			files = (
			);
			runOnlyForDeploymentPostprocessing = 0;
		};
/* End PBXFrameworksBuildPhase section */

/* Begin PBXGroup section */
		043C321227E31FE8006AE443 /* Documents */ = {
			isa = PBXGroup;
			children = (
				043C321327E31FF6006AE443 /* CodeEditDocumentController.swift */,
				043C321527E3201F006AE443 /* WorkspaceDocument.swift */,
				04660F6927E51E5C00477777 /* CodeEditWindowController.swift */,
				0485EB1E27E7458B00138301 /* WorkspaceCodeFileView.swift */,
				D7E201AD27E8B3C000CB86D0 /* String+Ranges.swift */,
				043BCF02281DA18A000AC47C /* WorkspaceDocument+Search.swift */,
				043BCF04281DA19A000AC47C /* WorkspaceDocument+Selection.swift */,
				6C05A8AE284D0CA3007F4EAA /* WorkspaceDocument+Listeners.swift */,
			);
			path = Documents;
			sourceTree = "<group>";
		};
		0463E50F27FCC19800806D5C /* Extensions */ = {
			isa = PBXGroup;
			children = (
				0463E51027FCC1DF00806D5C /* CodeEditAPI.swift */,
				0463E51227FCC1FB00806D5C /* CodeEditTargetsAPI.swift */,
				28B8F883280FFE4600596236 /* NSTableView+Background.swift */,
				9C3E1A06284E8E020042BEC0 /* WelcomeModuleExtensions.swift */,
			);
			path = Extensions;
			sourceTree = "<group>";
		};
		0483E34E27FDB15F00354AC0 /* ExtensionNavigator */ = {
			isa = PBXGroup;
			children = (
				0483E34F27FDB17700354AC0 /* ExtensionNavigator.swift */,
				04C3254A27FF23B000C8DA2D /* ExtensionNavigatorData.swift */,
				04C3254C27FF331B00C8DA2D /* ExtensionNavigatorItem.swift */,
				04C3254E2800AA4700C8DA2D /* ExtensionInstallationView.swift */,
				04C325502800AC7400C8DA2D /* ExtensionInstallationViewModel.swift */,
			);
			path = ExtensionNavigator;
			sourceTree = "<group>";
		};
		201169D52837B29600F92B46 /* SourceControlNavigator */ = {
			isa = PBXGroup;
			children = (
				201169DF2837B3CB00F92B46 /* Model */,
				201169DE2837B3C700F92B46 /* Views */,
				201169D62837B2E300F92B46 /* SourceControlNavigatorView.swift */,
				201169D82837B31200F92B46 /* SourceControlSearchToolbar.swift */,
				201169DC2837B3AC00F92B46 /* SourceControlToolbarBottom.swift */,
			);
			path = SourceControlNavigator;
			sourceTree = "<group>";
		};
		201169DE2837B3C700F92B46 /* Views */ = {
			isa = PBXGroup;
			children = (
				201169E32837B3EF00F92B46 /* Repositories */,
				201169E02837B3D100F92B46 /* Changes */,
			);
			path = Views;
			sourceTree = "<group>";
		};
		201169DF2837B3CB00F92B46 /* Model */ = {
			isa = PBXGroup;
			children = (
				201169E62837B5CA00F92B46 /* SourceControlModel.swift */,
			);
			path = Model;
			sourceTree = "<group>";
		};
		201169E02837B3D100F92B46 /* Changes */ = {
			isa = PBXGroup;
			children = (
				201169E12837B3D800F92B46 /* ChangesView.swift */,
				201169DA2837B34000F92B46 /* ChangedFileItemView.swift */,
			);
			path = Changes;
			sourceTree = "<group>";
		};
		201169E32837B3EF00F92B46 /* Repositories */ = {
			isa = PBXGroup;
			children = (
				201169E42837B40300F92B46 /* RepositoriesView.swift */,
			);
			path = Repositories;
			sourceTree = "<group>";
		};
		2072FA14280D838800C7F8D4 /* Lists */ = {
			isa = PBXGroup;
			children = (
				2072FA15280D83A500C7F8D4 /* FileTypeList.swift */,
			);
			path = Lists;
			sourceTree = "<group>";
		};
		20D839AC280E0C9400B27357 /* Popover */ = {
			isa = PBXGroup;
			children = (
				20D839AD280E0CA700B27357 /* PopoverView.swift */,
			);
			path = Popover;
			sourceTree = "<group>";
		};
		20EBB4FF280C325000F3A5DA /* Views */ = {
			isa = PBXGroup;
			children = (
				20D839AC280E0C9400B27357 /* Popover */,
				20EBB500280C325D00F3A5DA /* FileInspectorView.swift */,
				20EBB502280C327C00F3A5DA /* HistoryInspector.swift */,
				20EBB504280C329800F3A5DA /* HistoryItem.swift */,
				20EBB506280C32D300F3A5DA /* QuickHelpInspector.swift */,
				20D839AA280DEB2900B27357 /* NoSelectionView.swift */,
				200412EE280F3EAC00BCAF5C /* NoCommitHistoryView.swift */,
			);
			path = Views;
			sourceTree = "<group>";
		};
		20EBB50B280C382800F3A5DA /* Models */ = {
			isa = PBXGroup;
			children = (
				2072FA14280D838800C7F8D4 /* Lists */,
				20EBB50C280C383700F3A5DA /* LanguageType.swift */,
				20EBB50E280C389300F3A5DA /* FileInspectorModel.swift */,
				2072FA12280D74ED00C7F8D4 /* HistoryInspectorModel.swift */,
				2072FA17280D871200C7F8D4 /* TextEncoding.swift */,
				2072FA19280D872600C7F8D4 /* LineEndings.swift */,
				2072FA1B280D874000C7F8D4 /* IndentUsing.swift */,
				2072FA1D280D891500C7F8D4 /* Location.swift */,
			);
			path = Models;
			sourceTree = "<group>";
		};
		28069DA527F5BD320016BC47 /* DefaultThemes */ = {
			isa = PBXGroup;
			children = (
				28A50FFF281673530087B0CC /* codeedit-xcode-dark.json */,
				28A51000281673530087B0CC /* codeedit-xcode-light.json */,
				28A51004281701B40087B0CC /* codeedit-github-dark.json */,
				28A51003281701B40087B0CC /* codeedit-github-light.json */,
			);
			path = DefaultThemes;
			sourceTree = "<group>";
		};
		285FEC6C27FE4AC700E57D53 /* OutlineView */ = {
			isa = PBXGroup;
			children = (
				2847019D27FDDF7600F87B6B /* OutlineView.swift */,
				285FEC6D27FE4B4A00E57D53 /* OutlineViewController.swift */,
				285FEC6F27FE4B9800E57D53 /* OutlineTableViewCell.swift */,
				285FEC7127FE4EEF00E57D53 /* OutlineMenu.swift */,
			);
			path = OutlineView;
			sourceTree = "<group>";
		};
		286471AC27ED52950039369D /* ProjectNavigator */ = {
			isa = PBXGroup;
			children = (
				286471AA27ED51FD0039369D /* ProjectNavigator.swift */,
				285FEC6C27FE4AC700E57D53 /* OutlineView */,
			);
			path = ProjectNavigator;
			sourceTree = "<group>";
		};
		287776EA27E350A100D46668 /* NavigatorSidebar */ = {
			isa = PBXGroup;
			children = (
				201169D52837B29600F92B46 /* SourceControlNavigator */,
				0483E34E27FDB15F00354AC0 /* ExtensionNavigator */,
				286471AC27ED52950039369D /* ProjectNavigator */,
				D7012EE627E757660001E1EF /* FindNavigator */,
				287776E627E3413200D46668 /* NavigatorSidebar.swift */,
				28B0A19727E385C300B73177 /* NavigatorSidebarToolbarTop.swift */,
				28FFE1BE27E3A441001939DB /* NavigatorSidebarToolbarBottom.swift */,
			);
			path = NavigatorSidebar;
			sourceTree = "<group>";
		};
		287776EB27E350BA00D46668 /* TabBar */ = {
			isa = PBXGroup;
			children = (
				287776E827E34BC700D46668 /* TabBar.swift */,
				287776EE27E3515300D46668 /* TabBarItem.swift */,
				6CDA84AC284C1BA000C1CC3A /* TabBarContextMenu.swift */,
				6CDA84AA284C0E4A00C1CC3A /* TabBarItemButtonStyle.swift */,
				DE6F77862813625500D00A76 /* TabBarDivider.swift */,
				DE6405A52817734700881FDF /* TabBarNative.swift */,
				DE513F51281B672D002260B9 /* TabBarAccessory.swift */,
				DE513F53281DE5D0002260B9 /* TabBarXcode.swift */,
			);
			path = TabBar;
			sourceTree = "<group>";
		};
		2BE487ED28245162003F3F64 /* OpenWithCodeEdit */ = {
			isa = PBXGroup;
			children = (
				2BE487EE28245162003F3F64 /* FinderSync.swift */,
				2BE487F028245162003F3F64 /* Info.plist */,
				2B7AC06A282452FB0082A5B8 /* Media.xcassets */,
				2B15CA0028254139004E8F22 /* OpenWithCodeEdit.entitlements */,
			);
			path = OpenWithCodeEdit;
			sourceTree = "<group>";
		};
		5C403B8D27E20F8000788241 /* Frameworks */ = {
			isa = PBXGroup;
			children = (
			);
			name = Frameworks;
			sourceTree = "<group>";
		};
		B658FB2327DA9E0F00EA4DBD = {
			isa = PBXGroup;
			children = (
				B658FB2E27DA9E0F00EA4DBD /* CodeEdit */,
				2BE487ED28245162003F3F64 /* OpenWithCodeEdit */,
				B658FB2D27DA9E0F00EA4DBD /* Products */,
				5C403B8D27E20F8000788241 /* Frameworks */,
			);
			indentWidth = 4;
			sourceTree = "<group>";
			tabWidth = 4;
		};
		B658FB2D27DA9E0F00EA4DBD /* Products */ = {
			isa = PBXGroup;
			children = (
				B658FB2C27DA9E0F00EA4DBD /* CodeEdit.app */,
				B658FB3D27DA9E1000EA4DBD /* CodeEditTests.xctest */,
				B658FB4727DA9E1000EA4DBD /* CodeEditUITests.xctest */,
				2BE487EC28245162003F3F64 /* OpenWithCodeEdit.appex */,
			);
			name = Products;
			sourceTree = "<group>";
		};
		B658FB2E27DA9E0F00EA4DBD /* CodeEdit */ = {
			isa = PBXGroup;
			children = (
				0463E50F27FCC19800806D5C /* Extensions */,
				043C321227E31FE8006AE443 /* Documents */,
				B6EE988E27E8877C00CDD8AB /* InspectorSidebar */,
				D7211D4427E066D4008F2ED7 /* Localization */,
				287776EA27E350A100D46668 /* NavigatorSidebar */,
				B658FB3527DA9E1000EA4DBD /* Preview Content */,
				287776EB27E350BA00D46668 /* TabBar */,
				0468438427DC76E200F8E88E /* AppDelegate.swift */,
				5C4BB1E028212B1E00A92FB2 /* World.swift */,
				B658FB3327DA9E1000EA4DBD /* Assets.xcassets */,
				B658FB3827DA9E1000EA4DBD /* CodeEdit.entitlements */,
				04660F6027E3A68A00477777 /* Info.plist */,
				043C321927E32295006AE443 /* MainMenu.xib */,
				B658FB3127DA9E0F00EA4DBD /* WorkspaceView.swift */,
				FD6A3D3C2817C13B008BCF11 /* Package.resolved */,
				28069DA527F5BD320016BC47 /* DefaultThemes */,
			);
			path = CodeEdit;
			sourceTree = "<group>";
		};
		B658FB3527DA9E1000EA4DBD /* Preview Content */ = {
			isa = PBXGroup;
			children = (
				B658FB3627DA9E1000EA4DBD /* Preview Assets.xcassets */,
			);
			path = "Preview Content";
			sourceTree = "<group>";
		};
		B6EE988E27E8877C00CDD8AB /* InspectorSidebar */ = {
			isa = PBXGroup;
			children = (
				20EBB50B280C382800F3A5DA /* Models */,
				20EBB4FF280C325000F3A5DA /* Views */,
				B6EE988F27E8879A00CDD8AB /* InspectorSidebar.swift */,
				B6EE989127E887C600CDD8AB /* InspectorSidebarToolbar.swift */,
			);
			path = InspectorSidebar;
			sourceTree = "<group>";
		};
		D7012EE627E757660001E1EF /* FindNavigator */ = {
			isa = PBXGroup;
			children = (
				D7012EE727E757850001E1EF /* FindNavigator.swift */,
				D7E201AF27E8C07300CB86D0 /* FindNavigatorSearchBar.swift */,
				D7E201B127E8D50000CB86D0 /* FindNavigatorModeSelector.swift */,
				D7E201B327E9989900CB86D0 /* FindNavigatorResultList.swift */,
				D7E201BC27EA00E200CB86D0 /* FindNavigatorResultFileItem.swift */,
			);
			path = FindNavigator;
			sourceTree = "<group>";
		};
		D7211D4427E066D4008F2ED7 /* Localization */ = {
			isa = PBXGroup;
			children = (
				D7211D4227E066CE008F2ED7 /* Localized+Ex.swift */,
				D7211D4927E06BFE008F2ED7 /* Localizable.strings */,
			);
			path = Localization;
			sourceTree = "<group>";
		};
/* End PBXGroup section */

/* Begin PBXNativeTarget section */
		2BE487EB28245162003F3F64 /* OpenWithCodeEdit */ = {
			isa = PBXNativeTarget;
			buildConfigurationList = 2BE487F828245162003F3F64 /* Build configuration list for PBXNativeTarget "OpenWithCodeEdit" */;
			buildPhases = (
				2BE487E828245162003F3F64 /* Sources */,
				2BE487E928245162003F3F64 /* Frameworks */,
				2BE487EA28245162003F3F64 /* Resources */,
			);
			buildRules = (
			);
			dependencies = (
			);
			name = OpenWithCodeEdit;
			productName = OpenWithCodeEdit;
			productReference = 2BE487EC28245162003F3F64 /* OpenWithCodeEdit.appex */;
			productType = "com.apple.product-type.app-extension";
		};
		B658FB2B27DA9E0F00EA4DBD /* CodeEdit */ = {
			isa = PBXNativeTarget;
			buildConfigurationList = B658FB5127DA9E1000EA4DBD /* Build configuration list for PBXNativeTarget "CodeEdit" */;
			buildPhases = (
				B658FB2827DA9E0F00EA4DBD /* Sources */,
				B658FB2927DA9E0F00EA4DBD /* Frameworks */,
				B658FB2A27DA9E0F00EA4DBD /* Resources */,
				2B1A76FC27F628BD008ED4A2 /* Update commit hash */,
				2B18499A27F8A7A0005119F0 /* Mark // swiftlint:disable:all as errors | Run Script */,
				2BA119D327E5274D00A996FF /* SwiftLint Run Script */,
				04ADA0CC27E6043B00BF00B2 /* Add TODO/FIXME as warnings | Run Script */,
				FDF7C12027FAE90F0039BA76 /* Copy Package.resolved into Project Directory */,
				04C3255A2801B43A00C8DA2D /* Embed Frameworks */,
				2BE487F528245162003F3F64 /* Embed App Extensions */,
			);
			buildRules = (
			);
			dependencies = (
				2BE487F328245162003F3F64 /* PBXTargetDependency */,
			);
			name = CodeEdit;
			packageProductDependencies = (
				5C403B8E27E20F8000788241 /* WorkspaceClient */,
				5CF38A5D27E48E6C0096A0F7 /* CodeFile */,
				D70F5E2B27E4E8CF004EE4B9 /* WelcomeModule */,
				28CE5E9F27E6493D0065D29C /* StatusBar */,
				D7F72DEA27EA3574000C3064 /* Search */,
				2803257027F3CF1F009C7DC2 /* AppPreferences */,
				64B64EDD27F7B79400C400F1 /* About */,
				5CA8776427FC6A95003F5CD5 /* QuickOpen */,
				0483E34C27FCC46600354AC0 /* ExtensionsStore */,
				04C3256A28034FC800C8DA2D /* CodeEditKit */,
				5CAD1B962806B57D0059A74E /* Breadcrumbs */,
				28117FCF280768A500649353 /* CodeEditUI */,
				2004A3822808468600FD9696 /* Feedback */,
				2040F0B0280AE96100411B6F /* CodeEditUtils */,
				2816F593280CF50500DD548B /* CodeEditSymbols */,
				2864BAAB28117B3F002DBD1A /* ShellClient */,
				2864BAAD28117D7C002DBD1A /* TerminalEmulator */,
				043BCF06281DA2F5000AC47C /* TabBar */,
				20AFDC7E28206701001A4FC7 /* Git */,
			);
			productName = CodeEdit;
			productReference = B658FB2C27DA9E0F00EA4DBD /* CodeEdit.app */;
			productType = "com.apple.product-type.application";
		};
		B658FB3C27DA9E1000EA4DBD /* CodeEditTests */ = {
			isa = PBXNativeTarget;
			buildConfigurationList = B658FB5427DA9E1000EA4DBD /* Build configuration list for PBXNativeTarget "CodeEditTests" */;
			buildPhases = (
				B658FB3927DA9E1000EA4DBD /* Sources */,
				B658FB3A27DA9E1000EA4DBD /* Frameworks */,
				B658FB3B27DA9E1000EA4DBD /* Resources */,
			);
			buildRules = (
			);
			dependencies = (
				B658FB3F27DA9E1000EA4DBD /* PBXTargetDependency */,
			);
			name = CodeEditTests;
			productName = CodeEditTests;
			productReference = B658FB3D27DA9E1000EA4DBD /* CodeEditTests.xctest */;
			productType = "com.apple.product-type.bundle.unit-test";
		};
		B658FB4627DA9E1000EA4DBD /* CodeEditUITests */ = {
			isa = PBXNativeTarget;
			buildConfigurationList = B658FB5727DA9E1000EA4DBD /* Build configuration list for PBXNativeTarget "CodeEditUITests" */;
			buildPhases = (
				B658FB4327DA9E1000EA4DBD /* Sources */,
				B658FB4427DA9E1000EA4DBD /* Frameworks */,
				B658FB4527DA9E1000EA4DBD /* Resources */,
			);
			buildRules = (
			);
			dependencies = (
				B658FB4927DA9E1000EA4DBD /* PBXTargetDependency */,
			);
			name = CodeEditUITests;
			productName = CodeEditUITests;
			productReference = B658FB4727DA9E1000EA4DBD /* CodeEditUITests.xctest */;
			productType = "com.apple.product-type.bundle.ui-testing";
		};
/* End PBXNativeTarget section */

/* Begin PBXProject section */
		B658FB2427DA9E0F00EA4DBD /* Project object */ = {
			isa = PBXProject;
			attributes = {
				BuildIndependentTargetsInParallel = 1;
				LastSwiftUpdateCheck = 1330;
				LastUpgradeCheck = 1330;
				TargetAttributes = {
					2BE487EB28245162003F3F64 = {
						CreatedOnToolsVersion = 13.3.1;
					};
					B658FB2B27DA9E0F00EA4DBD = {
						CreatedOnToolsVersion = 13.1;
					};
					B658FB3C27DA9E1000EA4DBD = {
						CreatedOnToolsVersion = 13.1;
						TestTargetID = B658FB2B27DA9E0F00EA4DBD;
					};
					B658FB4627DA9E1000EA4DBD = {
						CreatedOnToolsVersion = 13.1;
						TestTargetID = B658FB2B27DA9E0F00EA4DBD;
					};
				};
			};
			buildConfigurationList = B658FB2727DA9E0F00EA4DBD /* Build configuration list for PBXProject "CodeEdit" */;
			compatibilityVersion = "Xcode 13.0";
			developmentRegion = en;
			hasScannedForEncodings = 0;
			knownRegions = (
				en,
				Base,
			);
			mainGroup = B658FB2327DA9E0F00EA4DBD;
			packageReferences = (
				04C3256728034F3D00C8DA2D /* XCRemoteSwiftPackageReference "CodeEditKit" */,
				2816F592280CF50500DD548B /* XCRemoteSwiftPackageReference "CodeEditSymbols" */,
			);
			productRefGroup = B658FB2D27DA9E0F00EA4DBD /* Products */;
			projectDirPath = "";
			projectRoot = "";
			targets = (
				B658FB2B27DA9E0F00EA4DBD /* CodeEdit */,
				B658FB3C27DA9E1000EA4DBD /* CodeEditTests */,
				B658FB4627DA9E1000EA4DBD /* CodeEditUITests */,
				2BE487EB28245162003F3F64 /* OpenWithCodeEdit */,
			);
		};
/* End PBXProject section */

/* Begin PBXResourcesBuildPhase section */
		2BE487EA28245162003F3F64 /* Resources */ = {
			isa = PBXResourcesBuildPhase;
			buildActionMask = 2147483647;
			files = (
				2B7AC06B282452FB0082A5B8 /* Media.xcassets in Resources */,
			);
			runOnlyForDeploymentPostprocessing = 0;
		};
		B658FB2A27DA9E0F00EA4DBD /* Resources */ = {
			isa = PBXResourcesBuildPhase;
			buildActionMask = 2147483647;
			files = (
				B658FB3727DA9E1000EA4DBD /* Preview Assets.xcassets in Resources */,
				28A51006281701B40087B0CC /* codeedit-github-dark.json in Resources */,
				28A51002281673530087B0CC /* codeedit-xcode-light.json in Resources */,
				28A51005281701B40087B0CC /* codeedit-github-light.json in Resources */,
				D7211D4727E06BFE008F2ED7 /* Localizable.strings in Resources */,
				28A51001281673530087B0CC /* codeedit-xcode-dark.json in Resources */,
				B658FB3427DA9E1000EA4DBD /* Assets.xcassets in Resources */,
				FD6A3D3D2817C13B008BCF11 /* Package.resolved in Resources */,
				043C321A27E32295006AE443 /* MainMenu.xib in Resources */,
			);
			runOnlyForDeploymentPostprocessing = 0;
		};
		B658FB3B27DA9E1000EA4DBD /* Resources */ = {
			isa = PBXResourcesBuildPhase;
			buildActionMask = 2147483647;
			files = (
			);
			runOnlyForDeploymentPostprocessing = 0;
		};
		B658FB4527DA9E1000EA4DBD /* Resources */ = {
			isa = PBXResourcesBuildPhase;
			buildActionMask = 2147483647;
			files = (
			);
			runOnlyForDeploymentPostprocessing = 0;
		};
/* End PBXResourcesBuildPhase section */

/* Begin PBXShellScriptBuildPhase section */
		04ADA0CC27E6043B00BF00B2 /* Add TODO/FIXME as warnings | Run Script */ = {
			isa = PBXShellScriptBuildPhase;
			buildActionMask = 2147483647;
			files = (
			);
			inputFileListPaths = (
			);
			inputPaths = (
			);
			name = "Add TODO/FIXME as warnings | Run Script";
			outputFileListPaths = (
			);
			outputPaths = (
			);
			runOnlyForDeploymentPostprocessing = 0;
			shellPath = /bin/sh;
			shellScript = "TAGS=\"TODO:|FIXME:\"\necho \"searching ${SRCROOT} for ${TAGS}\"\nfind \"${SRCROOT}\" \\( -name \"*.swift\" \\) -print0 | xargs -0 egrep --with-filename --line-number --only-matching \"($TAGS).*\\$\" | perl -p -e \"s/($TAGS)/ warning: \\$1/\"\n";
		};
		2B18499A27F8A7A0005119F0 /* Mark // swiftlint:disable:all as errors | Run Script */ = {
			isa = PBXShellScriptBuildPhase;
			buildActionMask = 2147483647;
			files = (
			);
			inputFileListPaths = (
			);
			inputPaths = (
			);
			name = "Mark // swiftlint:disable:all as errors | Run Script";
			outputFileListPaths = (
			);
			outputPaths = (
			);
			runOnlyForDeploymentPostprocessing = 0;
			shellPath = /bin/sh;
			shellScript = "TAGS=\"\\/\\/ swiftlint:disable all\"\necho \"searching ${SRCROOT} for ${TAGS}\"\nfind \"${SRCROOT}\" \\( -name \"*.swift\" \\) -print0 | xargs -0 egrep --with-filename --line-number --only-matching \"($TAGS).*\\$\" | perl -p -e \"s/($TAGS)/ error: Usage of \\$1 is prohibited/\"\n";
		};
		2B1A76FC27F628BD008ED4A2 /* Update commit hash */ = {
			isa = PBXShellScriptBuildPhase;
			buildActionMask = 2147483647;
			files = (
			);
			inputFileListPaths = (
			);
			inputPaths = (
			);
			name = "Update commit hash";
			outputFileListPaths = (
			);
			outputPaths = (
			);
			runOnlyForDeploymentPostprocessing = 0;
			shellPath = /bin/sh;
			shellScript = "# Hash (full length)\nGITHASH=$(git rev-parse HEAD)\n\necho \"${PROJECT_DIR}/${INFOPLIST_FILE}\"\necho $GITHASH\n# Set the hash.\n/usr/libexec/PlistBuddy -c \"Set :GitHash $GITHASH\" \"${PROJECT_DIR}/${INFOPLIST_FILE}\"\n";
		};
		2BA119D327E5274D00A996FF /* SwiftLint Run Script */ = {
			isa = PBXShellScriptBuildPhase;
			buildActionMask = 2147483647;
			files = (
			);
			inputFileListPaths = (
			);
			inputPaths = (
			);
			name = "SwiftLint Run Script";
			outputFileListPaths = (
			);
			outputPaths = (
			);
			runOnlyForDeploymentPostprocessing = 0;
			shellPath = /bin/sh;
			shellScript = "export PATH=\"$PATH:/opt/homebrew/bin\"\nif which swiftlint >/dev/null; then\n  swiftlint --strict\nelse\n  echo \"warning: SwiftLint not installed, download from https://github.com/realm/SwiftLint\"\nfi\n";
		};
		FDF7C12027FAE90F0039BA76 /* Copy Package.resolved into Project Directory */ = {
			isa = PBXShellScriptBuildPhase;
			buildActionMask = 2147483647;
			files = (
			);
			inputFileListPaths = (
			);
			inputPaths = (
			);
			name = "Copy Package.resolved into Project Directory";
			outputFileListPaths = (
			);
			outputPaths = (
			);
			runOnlyForDeploymentPostprocessing = 0;
			shellPath = /bin/sh;
			shellScript = "# The following script copies the generated Package.resolved file into the project directory, ignoring any errors.\ncp ${PROJECT_DIR}/CodeEdit.xcworkspace/xcshareddata/swiftpm/Package.resolved ${PROJECT_DIR} || :\n";
		};
/* End PBXShellScriptBuildPhase section */

/* Begin PBXSourcesBuildPhase section */
		2BE487E828245162003F3F64 /* Sources */ = {
			isa = PBXSourcesBuildPhase;
			buildActionMask = 2147483647;
			files = (
				2BE487EF28245162003F3F64 /* FinderSync.swift in Sources */,
			);
			runOnlyForDeploymentPostprocessing = 0;
		};
		B658FB2827DA9E0F00EA4DBD /* Sources */ = {
			isa = PBXSourcesBuildPhase;
			buildActionMask = 2147483647;
			files = (
				2072FA13280D74ED00C7F8D4 /* HistoryInspectorModel.swift in Sources */,
				201169E52837B40300F92B46 /* RepositoriesView.swift in Sources */,
				DE513F52281B672D002260B9 /* TabBarAccessory.swift in Sources */,
				2813F93927ECC4C300E305E4 /* NavigatorSidebar.swift in Sources */,
				DE513F54281DE5D0002260B9 /* TabBarXcode.swift in Sources */,
				20EBB50D280C383700F3A5DA /* LanguageType.swift in Sources */,
				2813F93827ECC4AA00E305E4 /* FindNavigatorResultList.swift in Sources */,
				201169D92837B31200F92B46 /* SourceControlSearchToolbar.swift in Sources */,
				0483E35027FDB17700354AC0 /* ExtensionNavigator.swift in Sources */,
				201169DB2837B34000F92B46 /* ChangedFileItemView.swift in Sources */,
				2B7A583527E4BA0100D25D4E /* AppDelegate.swift in Sources */,
				D7012EE827E757850001E1EF /* FindNavigator.swift in Sources */,
				D7E201AE27E8B3C000CB86D0 /* String+Ranges.swift in Sources */,
				20EBB50F280C389300F3A5DA /* FileInspectorModel.swift in Sources */,
				0463E51327FCC1FB00806D5C /* CodeEditTargetsAPI.swift in Sources */,
				201169DD2837B3AC00F92B46 /* SourceControlToolbarBottom.swift in Sources */,
				04C3254D27FF331B00C8DA2D /* ExtensionNavigatorItem.swift in Sources */,
				D7E201B027E8C07300CB86D0 /* FindNavigatorSearchBar.swift in Sources */,
				2072FA1C280D874000C7F8D4 /* IndentUsing.swift in Sources */,
				B6EE989227E887C600CDD8AB /* InspectorSidebarToolbar.swift in Sources */,
				201169E72837B5CA00F92B46 /* SourceControlModel.swift in Sources */,
				28B8F884280FFE4600596236 /* NSTableView+Background.swift in Sources */,
				200412EF280F3EAC00BCAF5C /* NoCommitHistoryView.swift in Sources */,
				043C321427E31FF6006AE443 /* CodeEditDocumentController.swift in Sources */,
				20EBB503280C327C00F3A5DA /* HistoryInspector.swift in Sources */,
				2072FA1A280D872600C7F8D4 /* LineEndings.swift in Sources */,
				201169E22837B3D800F92B46 /* ChangesView.swift in Sources */,
				20EBB507280C32D300F3A5DA /* QuickHelpInspector.swift in Sources */,
				DE6405A62817734700881FDF /* TabBarNative.swift in Sources */,
				04C3255C2801F86900C8DA2D /* OutlineMenu.swift in Sources */,
				04540D5E27DD08C300E91B77 /* WorkspaceView.swift in Sources */,
				DE6F77872813625500D00A76 /* TabBarDivider.swift in Sources */,
				D7211D4327E066CE008F2ED7 /* Localized+Ex.swift in Sources */,
				20D839AE280E0CA700B27357 /* PopoverView.swift in Sources */,
				2072FA1E280D891500C7F8D4 /* Location.swift in Sources */,
				5C4BB1E128212B1E00A92FB2 /* World.swift in Sources */,
				D7E201B227E8D50000CB86D0 /* FindNavigatorModeSelector.swift in Sources */,
				287776E927E34BC700D46668 /* TabBar.swift in Sources */,
				285FEC7027FE4B9800E57D53 /* OutlineTableViewCell.swift in Sources */,
				0485EB1F27E7458B00138301 /* WorkspaceCodeFileView.swift in Sources */,
				2847019E27FDDF7600F87B6B /* OutlineView.swift in Sources */,
				20EBB501280C325D00F3A5DA /* FileInspectorView.swift in Sources */,
				286471AB27ED51FD0039369D /* ProjectNavigator.swift in Sources */,
				04C3254B27FF23B000C8DA2D /* ExtensionNavigatorData.swift in Sources */,
				D7E201BD27EA00E200CB86D0 /* FindNavigatorResultFileItem.swift in Sources */,
				287776EF27E3515300D46668 /* TabBarItem.swift in Sources */,
				04660F6A27E51E5C00477777 /* CodeEditWindowController.swift in Sources */,
				043BCF05281DA19A000AC47C /* WorkspaceDocument+Selection.swift in Sources */,
				2072FA18280D871200C7F8D4 /* TextEncoding.swift in Sources */,
				2072FA16280D83A500C7F8D4 /* FileTypeList.swift in Sources */,
				04C3254F2800AA4700C8DA2D /* ExtensionInstallationView.swift in Sources */,
				B6EE989027E8879A00CDD8AB /* InspectorSidebar.swift in Sources */,
				9C3E1A07284E8E020042BEC0 /* WelcomeModuleExtensions.swift in Sources */,
				201169D72837B2E300F92B46 /* SourceControlNavigatorView.swift in Sources */,
				20D839AB280DEB2900B27357 /* NoSelectionView.swift in Sources */,
				20EBB505280C329800F3A5DA /* HistoryItem.swift in Sources */,
				043C321627E3201F006AE443 /* WorkspaceDocument.swift in Sources */,
				043BCF03281DA18A000AC47C /* WorkspaceDocument+Search.swift in Sources */,
				04C325512800AC7400C8DA2D /* ExtensionInstallationViewModel.swift in Sources */,
				28B0A19827E385C300B73177 /* NavigatorSidebarToolbarTop.swift in Sources */,
				6CDA84AD284C1BA000C1CC3A /* TabBarContextMenu.swift in Sources */,
				0463E51127FCC1DF00806D5C /* CodeEditAPI.swift in Sources */,
				04C3255B2801F86400C8DA2D /* OutlineViewController.swift in Sources */,
				6C05A8AF284D0CA3007F4EAA /* WorkspaceDocument+Listeners.swift in Sources */,
				6CDA84AB284C0E4A00C1CC3A /* TabBarItemButtonStyle.swift in Sources */,
				28FFE1BF27E3A441001939DB /* NavigatorSidebarToolbarBottom.swift in Sources */,
			);
			runOnlyForDeploymentPostprocessing = 0;
		};
		B658FB3927DA9E1000EA4DBD /* Sources */ = {
			isa = PBXSourcesBuildPhase;
			buildActionMask = 2147483647;
			files = (
			);
			runOnlyForDeploymentPostprocessing = 0;
		};
		B658FB4327DA9E1000EA4DBD /* Sources */ = {
			isa = PBXSourcesBuildPhase;
			buildActionMask = 2147483647;
			files = (
			);
			runOnlyForDeploymentPostprocessing = 0;
		};
/* End PBXSourcesBuildPhase section */

/* Begin PBXTargetDependency section */
		2BE487F328245162003F3F64 /* PBXTargetDependency */ = {
			isa = PBXTargetDependency;
			target = 2BE487EB28245162003F3F64 /* OpenWithCodeEdit */;
			targetProxy = 2BE487F228245162003F3F64 /* PBXContainerItemProxy */;
		};
		B658FB3F27DA9E1000EA4DBD /* PBXTargetDependency */ = {
			isa = PBXTargetDependency;
			target = B658FB2B27DA9E0F00EA4DBD /* CodeEdit */;
			targetProxy = B658FB3E27DA9E1000EA4DBD /* PBXContainerItemProxy */;
		};
		B658FB4927DA9E1000EA4DBD /* PBXTargetDependency */ = {
			isa = PBXTargetDependency;
			target = B658FB2B27DA9E0F00EA4DBD /* CodeEdit */;
			targetProxy = B658FB4827DA9E1000EA4DBD /* PBXContainerItemProxy */;
		};
/* End PBXTargetDependency section */

/* Begin PBXVariantGroup section */
		D7211D4927E06BFE008F2ED7 /* Localizable.strings */ = {
			isa = PBXVariantGroup;
			children = (
				D7211D4827E06BFE008F2ED7 /* en */,
			);
			name = Localizable.strings;
			sourceTree = "<group>";
		};
/* End PBXVariantGroup section */

/* Begin XCBuildConfiguration section */
		2BE487F628245162003F3F64 /* Debug */ = {
			isa = XCBuildConfiguration;
			buildSettings = {
				CODE_SIGN_ENTITLEMENTS = OpenWithCodeEdit/OpenWithCodeEdit.entitlements;
				CODE_SIGN_IDENTITY = "-";
				CODE_SIGN_STYLE = Automatic;
				COMBINE_HIDPI_IMAGES = YES;
				CURRENT_PROJECT_VERSION = 1;
				DEVELOPMENT_TEAM = "";
				ENABLE_HARDENED_RUNTIME = YES;
				GENERATE_INFOPLIST_FILE = YES;
				INFOPLIST_FILE = OpenWithCodeEdit/Info.plist;
				INFOPLIST_KEY_CFBundleDisplayName = OpenWithCodeEdit;
				INFOPLIST_KEY_NSHumanReadableCopyright = "";
				LD_RUNPATH_SEARCH_PATHS = (
					"$(inherited)",
					"@executable_path/../Frameworks",
					"@executable_path/../../../../Frameworks",
				);
				MACOSX_DEPLOYMENT_TARGET = 12.3;
				MARKETING_VERSION = 1.0;
				PRODUCT_BUNDLE_IDENTIFIER = austincondiff.CodeEdit.OpenWithCodeEdit;
				PRODUCT_NAME = "$(TARGET_NAME)";
				SKIP_INSTALL = YES;
				SWIFT_EMIT_LOC_STRINGS = YES;
				SWIFT_VERSION = 5.0;
			};
			name = Debug;
		};
		2BE487F728245162003F3F64 /* Release */ = {
			isa = XCBuildConfiguration;
			buildSettings = {
				CODE_SIGN_ENTITLEMENTS = OpenWithCodeEdit/OpenWithCodeEdit.entitlements;
				CODE_SIGN_IDENTITY = "-";
				CODE_SIGN_STYLE = Automatic;
				COMBINE_HIDPI_IMAGES = YES;
				CURRENT_PROJECT_VERSION = 1;
				DEVELOPMENT_TEAM = "";
				ENABLE_HARDENED_RUNTIME = YES;
				GENERATE_INFOPLIST_FILE = YES;
				INFOPLIST_FILE = OpenWithCodeEdit/Info.plist;
				INFOPLIST_KEY_CFBundleDisplayName = OpenWithCodeEdit;
				INFOPLIST_KEY_NSHumanReadableCopyright = "";
				LD_RUNPATH_SEARCH_PATHS = (
					"$(inherited)",
					"@executable_path/../Frameworks",
					"@executable_path/../../../../Frameworks",
				);
				MACOSX_DEPLOYMENT_TARGET = 12.3;
				MARKETING_VERSION = 1.0;
				PRODUCT_BUNDLE_IDENTIFIER = austincondiff.CodeEdit.OpenWithCodeEdit;
				PRODUCT_NAME = "$(TARGET_NAME)";
				SKIP_INSTALL = YES;
				SWIFT_EMIT_LOC_STRINGS = YES;
				SWIFT_VERSION = 5.0;
			};
			name = Release;
		};
		B658FB4F27DA9E1000EA4DBD /* Debug */ = {
			isa = XCBuildConfiguration;
			buildSettings = {
				ALWAYS_SEARCH_USER_PATHS = NO;
				CLANG_ANALYZER_LOCALIZABILITY_NONLOCALIZED = YES;
				CLANG_ANALYZER_NONNULL = YES;
				CLANG_ANALYZER_NUMBER_OBJECT_CONVERSION = YES_AGGRESSIVE;
				CLANG_CXX_LANGUAGE_STANDARD = "gnu++17";
				CLANG_CXX_LIBRARY = "libc++";
				CLANG_ENABLE_MODULES = YES;
				CLANG_ENABLE_OBJC_ARC = YES;
				CLANG_ENABLE_OBJC_WEAK = YES;
				CLANG_WARN_BLOCK_CAPTURE_AUTORELEASING = YES;
				CLANG_WARN_BOOL_CONVERSION = YES;
				CLANG_WARN_COMMA = YES;
				CLANG_WARN_CONSTANT_CONVERSION = YES;
				CLANG_WARN_DEPRECATED_OBJC_IMPLEMENTATIONS = YES;
				CLANG_WARN_DIRECT_OBJC_ISA_USAGE = YES_ERROR;
				CLANG_WARN_DOCUMENTATION_COMMENTS = YES;
				CLANG_WARN_EMPTY_BODY = YES;
				CLANG_WARN_ENUM_CONVERSION = YES;
				CLANG_WARN_INFINITE_RECURSION = YES;
				CLANG_WARN_INT_CONVERSION = YES;
				CLANG_WARN_NON_LITERAL_NULL_CONVERSION = YES;
				CLANG_WARN_OBJC_IMPLICIT_RETAIN_SELF = YES;
				CLANG_WARN_OBJC_LITERAL_CONVERSION = YES;
				CLANG_WARN_OBJC_ROOT_CLASS = YES_ERROR;
				CLANG_WARN_QUOTED_INCLUDE_IN_FRAMEWORK_HEADER = YES;
				CLANG_WARN_RANGE_LOOP_ANALYSIS = YES;
				CLANG_WARN_STRICT_PROTOTYPES = YES;
				CLANG_WARN_SUSPICIOUS_MOVE = YES;
				CLANG_WARN_UNGUARDED_AVAILABILITY = YES_AGGRESSIVE;
				CLANG_WARN_UNREACHABLE_CODE = YES;
				CLANG_WARN__DUPLICATE_METHOD_MATCH = YES;
				COPY_PHASE_STRIP = NO;
				DEBUG_INFORMATION_FORMAT = dwarf;
				ENABLE_STRICT_OBJC_MSGSEND = YES;
				ENABLE_TESTABILITY = YES;
				GCC_C_LANGUAGE_STANDARD = gnu11;
				GCC_DYNAMIC_NO_PIC = NO;
				GCC_NO_COMMON_BLOCKS = YES;
				GCC_OPTIMIZATION_LEVEL = 0;
				GCC_PREPROCESSOR_DEFINITIONS = (
					"DEBUG=1",
					"$(inherited)",
				);
				GCC_WARN_64_TO_32_BIT_CONVERSION = YES;
				GCC_WARN_ABOUT_RETURN_TYPE = YES_ERROR;
				GCC_WARN_UNDECLARED_SELECTOR = YES;
				GCC_WARN_UNINITIALIZED_AUTOS = YES_AGGRESSIVE;
				GCC_WARN_UNUSED_FUNCTION = YES;
				GCC_WARN_UNUSED_VARIABLE = YES;
				MACOSX_DEPLOYMENT_TARGET = 12.0;
				MTL_ENABLE_DEBUG_INFO = INCLUDE_SOURCE;
				MTL_FAST_MATH = YES;
				ONLY_ACTIVE_ARCH = YES;
				RUN_DOCUMENTATION_COMPILER = YES;
				SDKROOT = macosx;
				SWIFT_ACTIVE_COMPILATION_CONDITIONS = DEBUG;
				SWIFT_OPTIMIZATION_LEVEL = "-Onone";
			};
			name = Debug;
		};
		B658FB5027DA9E1000EA4DBD /* Release */ = {
			isa = XCBuildConfiguration;
			buildSettings = {
				ALWAYS_SEARCH_USER_PATHS = NO;
				CLANG_ANALYZER_LOCALIZABILITY_NONLOCALIZED = YES;
				CLANG_ANALYZER_NONNULL = YES;
				CLANG_ANALYZER_NUMBER_OBJECT_CONVERSION = YES_AGGRESSIVE;
				CLANG_CXX_LANGUAGE_STANDARD = "gnu++17";
				CLANG_CXX_LIBRARY = "libc++";
				CLANG_ENABLE_MODULES = YES;
				CLANG_ENABLE_OBJC_ARC = YES;
				CLANG_ENABLE_OBJC_WEAK = YES;
				CLANG_WARN_BLOCK_CAPTURE_AUTORELEASING = YES;
				CLANG_WARN_BOOL_CONVERSION = YES;
				CLANG_WARN_COMMA = YES;
				CLANG_WARN_CONSTANT_CONVERSION = YES;
				CLANG_WARN_DEPRECATED_OBJC_IMPLEMENTATIONS = YES;
				CLANG_WARN_DIRECT_OBJC_ISA_USAGE = YES_ERROR;
				CLANG_WARN_DOCUMENTATION_COMMENTS = YES;
				CLANG_WARN_EMPTY_BODY = YES;
				CLANG_WARN_ENUM_CONVERSION = YES;
				CLANG_WARN_INFINITE_RECURSION = YES;
				CLANG_WARN_INT_CONVERSION = YES;
				CLANG_WARN_NON_LITERAL_NULL_CONVERSION = YES;
				CLANG_WARN_OBJC_IMPLICIT_RETAIN_SELF = YES;
				CLANG_WARN_OBJC_LITERAL_CONVERSION = YES;
				CLANG_WARN_OBJC_ROOT_CLASS = YES_ERROR;
				CLANG_WARN_QUOTED_INCLUDE_IN_FRAMEWORK_HEADER = YES;
				CLANG_WARN_RANGE_LOOP_ANALYSIS = YES;
				CLANG_WARN_STRICT_PROTOTYPES = YES;
				CLANG_WARN_SUSPICIOUS_MOVE = YES;
				CLANG_WARN_UNGUARDED_AVAILABILITY = YES_AGGRESSIVE;
				CLANG_WARN_UNREACHABLE_CODE = YES;
				CLANG_WARN__DUPLICATE_METHOD_MATCH = YES;
				COPY_PHASE_STRIP = NO;
				DEBUG_INFORMATION_FORMAT = "dwarf-with-dsym";
				ENABLE_NS_ASSERTIONS = NO;
				ENABLE_STRICT_OBJC_MSGSEND = YES;
				GCC_C_LANGUAGE_STANDARD = gnu11;
				GCC_NO_COMMON_BLOCKS = YES;
				GCC_WARN_64_TO_32_BIT_CONVERSION = YES;
				GCC_WARN_ABOUT_RETURN_TYPE = YES_ERROR;
				GCC_WARN_UNDECLARED_SELECTOR = YES;
				GCC_WARN_UNINITIALIZED_AUTOS = YES_AGGRESSIVE;
				GCC_WARN_UNUSED_FUNCTION = YES;
				GCC_WARN_UNUSED_VARIABLE = YES;
				MACOSX_DEPLOYMENT_TARGET = 12.0;
				MTL_ENABLE_DEBUG_INFO = NO;
				MTL_FAST_MATH = YES;
				RUN_DOCUMENTATION_COMPILER = YES;
				SDKROOT = macosx;
				SWIFT_COMPILATION_MODE = wholemodule;
				SWIFT_OPTIMIZATION_LEVEL = "-O";
			};
			name = Release;
		};
		B658FB5227DA9E1000EA4DBD /* Debug */ = {
			isa = XCBuildConfiguration;
			buildSettings = {
				ALWAYS_EMBED_SWIFT_STANDARD_LIBRARIES = YES;
				ASSETCATALOG_COMPILER_APPICON_NAME = AppIconDev;
				ASSETCATALOG_COMPILER_GLOBAL_ACCENT_COLOR_NAME = AccentColor;
				CODE_SIGN_ENTITLEMENTS = CodeEdit/CodeEdit.entitlements;
				CODE_SIGN_IDENTITY = "-";
				CODE_SIGN_STYLE = Automatic;
				COMBINE_HIDPI_IMAGES = YES;
				CURRENT_PROJECT_VERSION = 1;
				DEVELOPMENT_ASSET_PATHS = "\"CodeEdit/Preview Content\"";
				DEVELOPMENT_TEAM = "";
				ENABLE_HARDENED_RUNTIME = YES;
				ENABLE_PREVIEWS = YES;
				GENERATE_INFOPLIST_FILE = YES;
				INFOPLIST_FILE = CodeEdit/Info.plist;
				INFOPLIST_KEY_NSHumanReadableCopyright = "© 2022 CodeEdit";
				INFOPLIST_KEY_NSPrincipalClass = CodeEdit.CodeEditApplication;
				LD_RUNPATH_SEARCH_PATHS = (
					"$(inherited)",
					"@executable_path/../Frameworks",
				);
				MARKETING_VERSION = 1.0;
				PRODUCT_BUNDLE_IDENTIFIER = austincondiff.CodeEdit;
				PRODUCT_NAME = "$(TARGET_NAME)";
				PROVISIONING_PROFILE_SPECIFIER = "";
				RUN_DOCUMENTATION_COMPILER = YES;
				SWIFT_EMIT_LOC_STRINGS = YES;
				SWIFT_VERSION = 5.0;
			};
			name = Debug;
		};
		B658FB5327DA9E1000EA4DBD /* Release */ = {
			isa = XCBuildConfiguration;
			buildSettings = {
				ALWAYS_EMBED_SWIFT_STANDARD_LIBRARIES = YES;
				ASSETCATALOG_COMPILER_APPICON_NAME = AppIconDev;
				ASSETCATALOG_COMPILER_GLOBAL_ACCENT_COLOR_NAME = AccentColor;
				CODE_SIGN_ENTITLEMENTS = CodeEdit/CodeEdit.entitlements;
				CODE_SIGN_IDENTITY = "-";
				CODE_SIGN_STYLE = Automatic;
				COMBINE_HIDPI_IMAGES = YES;
				CURRENT_PROJECT_VERSION = 1;
				DEVELOPMENT_ASSET_PATHS = "\"CodeEdit/Preview Content\"";
				DEVELOPMENT_TEAM = "";
				ENABLE_HARDENED_RUNTIME = YES;
				ENABLE_PREVIEWS = YES;
				GENERATE_INFOPLIST_FILE = YES;
				INFOPLIST_FILE = CodeEdit/Info.plist;
				INFOPLIST_KEY_NSHumanReadableCopyright = "© 2022 CodeEdit";
				INFOPLIST_KEY_NSPrincipalClass = CodeEdit.CodeEditApplication;
				LD_RUNPATH_SEARCH_PATHS = (
					"$(inherited)",
					"@executable_path/../Frameworks",
				);
				MARKETING_VERSION = 1.0;
				PRODUCT_BUNDLE_IDENTIFIER = austincondiff.CodeEdit;
				PRODUCT_NAME = "$(TARGET_NAME)";
				PROVISIONING_PROFILE_SPECIFIER = "";
				RUN_DOCUMENTATION_COMPILER = YES;
				SWIFT_EMIT_LOC_STRINGS = YES;
				SWIFT_VERSION = 5.0;
			};
			name = Release;
		};
		B658FB5527DA9E1000EA4DBD /* Debug */ = {
			isa = XCBuildConfiguration;
			buildSettings = {
				ALWAYS_EMBED_SWIFT_STANDARD_LIBRARIES = YES;
				BUNDLE_LOADER = "$(TEST_HOST)";
				CODE_SIGN_STYLE = Automatic;
				COMBINE_HIDPI_IMAGES = YES;
				CURRENT_PROJECT_VERSION = 1;
				DEVELOPMENT_TEAM = 9VS2VKC5LQ;
				GENERATE_INFOPLIST_FILE = YES;
				LD_RUNPATH_SEARCH_PATHS = (
					"$(inherited)",
					"@executable_path/../Frameworks",
					"@loader_path/../Frameworks",
				);
				MACOSX_DEPLOYMENT_TARGET = 12.0;
				MARKETING_VERSION = 1.0;
				PRODUCT_BUNDLE_IDENTIFIER = austincondiff.CodeEditTests;
				PRODUCT_NAME = "$(TARGET_NAME)";
				SWIFT_EMIT_LOC_STRINGS = NO;
				SWIFT_VERSION = 5.0;
				TEST_HOST = "$(BUILT_PRODUCTS_DIR)/CodeEdit.app/Contents/MacOS/CodeEdit";
			};
			name = Debug;
		};
		B658FB5627DA9E1000EA4DBD /* Release */ = {
			isa = XCBuildConfiguration;
			buildSettings = {
				ALWAYS_EMBED_SWIFT_STANDARD_LIBRARIES = YES;
				BUNDLE_LOADER = "$(TEST_HOST)";
				CODE_SIGN_STYLE = Automatic;
				COMBINE_HIDPI_IMAGES = YES;
				CURRENT_PROJECT_VERSION = 1;
				DEVELOPMENT_TEAM = 9VS2VKC5LQ;
				GENERATE_INFOPLIST_FILE = YES;
				LD_RUNPATH_SEARCH_PATHS = (
					"$(inherited)",
					"@executable_path/../Frameworks",
					"@loader_path/../Frameworks",
				);
				MACOSX_DEPLOYMENT_TARGET = 12.0;
				MARKETING_VERSION = 1.0;
				PRODUCT_BUNDLE_IDENTIFIER = austincondiff.CodeEditTests;
				PRODUCT_NAME = "$(TARGET_NAME)";
				SWIFT_EMIT_LOC_STRINGS = NO;
				SWIFT_VERSION = 5.0;
				TEST_HOST = "$(BUILT_PRODUCTS_DIR)/CodeEdit.app/Contents/MacOS/CodeEdit";
			};
			name = Release;
		};
		B658FB5827DA9E1000EA4DBD /* Debug */ = {
			isa = XCBuildConfiguration;
			buildSettings = {
				ALWAYS_EMBED_SWIFT_STANDARD_LIBRARIES = YES;
				CODE_SIGN_STYLE = Automatic;
				COMBINE_HIDPI_IMAGES = YES;
				CURRENT_PROJECT_VERSION = 1;
				DEVELOPMENT_TEAM = "";
				GENERATE_INFOPLIST_FILE = YES;
				LD_RUNPATH_SEARCH_PATHS = (
					"$(inherited)",
					"@executable_path/../Frameworks",
					"@loader_path/../Frameworks",
				);
				MARKETING_VERSION = 1.0;
				PRODUCT_BUNDLE_IDENTIFIER = austincondiff.CodeEditUITests;
				PRODUCT_NAME = "$(TARGET_NAME)";
				SWIFT_EMIT_LOC_STRINGS = NO;
				SWIFT_VERSION = 5.0;
				TEST_TARGET_NAME = CodeEdit;
			};
			name = Debug;
		};
		B658FB5927DA9E1000EA4DBD /* Release */ = {
			isa = XCBuildConfiguration;
			buildSettings = {
				ALWAYS_EMBED_SWIFT_STANDARD_LIBRARIES = YES;
				CODE_SIGN_STYLE = Automatic;
				COMBINE_HIDPI_IMAGES = YES;
				CURRENT_PROJECT_VERSION = 1;
				DEVELOPMENT_TEAM = "";
				GENERATE_INFOPLIST_FILE = YES;
				LD_RUNPATH_SEARCH_PATHS = (
					"$(inherited)",
					"@executable_path/../Frameworks",
					"@loader_path/../Frameworks",
				);
				MARKETING_VERSION = 1.0;
				PRODUCT_BUNDLE_IDENTIFIER = austincondiff.CodeEditUITests;
				PRODUCT_NAME = "$(TARGET_NAME)";
				SWIFT_EMIT_LOC_STRINGS = NO;
				SWIFT_VERSION = 5.0;
				TEST_TARGET_NAME = CodeEdit;
			};
			name = Release;
		};
/* End XCBuildConfiguration section */

/* Begin XCConfigurationList section */
		2BE487F828245162003F3F64 /* Build configuration list for PBXNativeTarget "OpenWithCodeEdit" */ = {
			isa = XCConfigurationList;
			buildConfigurations = (
				2BE487F628245162003F3F64 /* Debug */,
				2BE487F728245162003F3F64 /* Release */,
			);
			defaultConfigurationIsVisible = 0;
			defaultConfigurationName = Release;
		};
		B658FB2727DA9E0F00EA4DBD /* Build configuration list for PBXProject "CodeEdit" */ = {
			isa = XCConfigurationList;
			buildConfigurations = (
				B658FB4F27DA9E1000EA4DBD /* Debug */,
				B658FB5027DA9E1000EA4DBD /* Release */,
			);
			defaultConfigurationIsVisible = 0;
			defaultConfigurationName = Release;
		};
		B658FB5127DA9E1000EA4DBD /* Build configuration list for PBXNativeTarget "CodeEdit" */ = {
			isa = XCConfigurationList;
			buildConfigurations = (
				B658FB5227DA9E1000EA4DBD /* Debug */,
				B658FB5327DA9E1000EA4DBD /* Release */,
			);
			defaultConfigurationIsVisible = 0;
			defaultConfigurationName = Release;
		};
		B658FB5427DA9E1000EA4DBD /* Build configuration list for PBXNativeTarget "CodeEditTests" */ = {
			isa = XCConfigurationList;
			buildConfigurations = (
				B658FB5527DA9E1000EA4DBD /* Debug */,
				B658FB5627DA9E1000EA4DBD /* Release */,
			);
			defaultConfigurationIsVisible = 0;
			defaultConfigurationName = Release;
		};
		B658FB5727DA9E1000EA4DBD /* Build configuration list for PBXNativeTarget "CodeEditUITests" */ = {
			isa = XCConfigurationList;
			buildConfigurations = (
				B658FB5827DA9E1000EA4DBD /* Debug */,
				B658FB5927DA9E1000EA4DBD /* Release */,
			);
			defaultConfigurationIsVisible = 0;
			defaultConfigurationName = Release;
		};
/* End XCConfigurationList section */

/* Begin XCRemoteSwiftPackageReference section */
		04C3256728034F3D00C8DA2D /* XCRemoteSwiftPackageReference "CodeEditKit" */ = {
			isa = XCRemoteSwiftPackageReference;
			repositoryURL = "https://github.com/CodeEditApp/CodeEditKit";
			requirement = {
				branch = main;
				kind = branch;
			};
		};
		2816F592280CF50500DD548B /* XCRemoteSwiftPackageReference "CodeEditSymbols" */ = {
			isa = XCRemoteSwiftPackageReference;
			repositoryURL = "https://github.com/CodeEditApp/CodeEditSymbols";
			requirement = {
				branch = main;
				kind = branch;
			};
		};
/* End XCRemoteSwiftPackageReference section */

/* Begin XCSwiftPackageProductDependency section */
		043BCF06281DA2F5000AC47C /* TabBar */ = {
			isa = XCSwiftPackageProductDependency;
			productName = TabBar;
		};
		0483E34C27FCC46600354AC0 /* ExtensionsStore */ = {
			isa = XCSwiftPackageProductDependency;
			productName = ExtensionsStore;
		};
		04C3256A28034FC800C8DA2D /* CodeEditKit */ = {
			isa = XCSwiftPackageProductDependency;
			package = 04C3256728034F3D00C8DA2D /* XCRemoteSwiftPackageReference "CodeEditKit" */;
			productName = CodeEditKit;
		};
		2004A3822808468600FD9696 /* Feedback */ = {
			isa = XCSwiftPackageProductDependency;
			productName = Feedback;
		};
		2040F0B0280AE96100411B6F /* CodeEditUtils */ = {
			isa = XCSwiftPackageProductDependency;
			productName = CodeEditUtils;
		};
		20AFDC7E28206701001A4FC7 /* Git */ = {
			isa = XCSwiftPackageProductDependency;
			productName = Git;
		};
		2803257027F3CF1F009C7DC2 /* AppPreferences */ = {
			isa = XCSwiftPackageProductDependency;
			productName = AppPreferences;
		};
		28117FCF280768A500649353 /* CodeEditUI */ = {
			isa = XCSwiftPackageProductDependency;
			productName = CodeEditUI;
		};
		2816F593280CF50500DD548B /* CodeEditSymbols */ = {
			isa = XCSwiftPackageProductDependency;
			package = 2816F592280CF50500DD548B /* XCRemoteSwiftPackageReference "CodeEditSymbols" */;
			productName = CodeEditSymbols;
		};
		2864BAAB28117B3F002DBD1A /* ShellClient */ = {
			isa = XCSwiftPackageProductDependency;
			productName = ShellClient;
		};
		2864BAAD28117D7C002DBD1A /* TerminalEmulator */ = {
			isa = XCSwiftPackageProductDependency;
			productName = TerminalEmulator;
		};
		28CE5E9F27E6493D0065D29C /* StatusBar */ = {
			isa = XCSwiftPackageProductDependency;
			productName = StatusBar;
		};
		5C403B8E27E20F8000788241 /* WorkspaceClient */ = {
			isa = XCSwiftPackageProductDependency;
			productName = WorkspaceClient;
		};
		5CA8776427FC6A95003F5CD5 /* QuickOpen */ = {
			isa = XCSwiftPackageProductDependency;
			productName = QuickOpen;
		};
		5CAD1B962806B57D0059A74E /* Breadcrumbs */ = {
			isa = XCSwiftPackageProductDependency;
			productName = Breadcrumbs;
		};
		5CF38A5D27E48E6C0096A0F7 /* CodeFile */ = {
			isa = XCSwiftPackageProductDependency;
			productName = CodeFile;
		};
		64B64EDD27F7B79400C400F1 /* About */ = {
			isa = XCSwiftPackageProductDependency;
			productName = About;
		};
		D70F5E2B27E4E8CF004EE4B9 /* WelcomeModule */ = {
			isa = XCSwiftPackageProductDependency;
			productName = WelcomeModule;
		};
		D7F72DEA27EA3574000C3064 /* Search */ = {
			isa = XCSwiftPackageProductDependency;
			productName = Search;
		};
/* End XCSwiftPackageProductDependency section */
	};
	rootObject = B658FB2427DA9E0F00EA4DBD /* Project object */;
}
