{
  "pins" : [
    {
      "identity" : "codeeditlanguages",
      "kind" : "remoteSourceControl",
      "location" : "https://github.com/CodeEditApp/CodeEditLanguages.git",
      "state" : {
        "revision" : "08cb9dc04e70d1e7b9610580794ed4da774c2b84",
        "version" : "0.1.13"
      }
    },
    {
      "identity" : "codeeditsymbols",
      "kind" : "remoteSourceControl",
      "location" : "https://github.com/CodeEditApp/CodeEditSymbols",
      "state" : {
        "revision" : "fd704f0590489c10f28376dea2317e1b0c801024",
        "version" : "0.1.2"
      }
    },
    {
      "identity" : "codeedittextview",
      "kind" : "remoteSourceControl",
      "location" : "https://github.com/CodeEditApp/CodeEditTextView",
      "state" : {
        "revision" : "045bd359ef9c4addf2a5bf51e22ba660d69c5d10",
        "version" : "0.6.2"
      }
    },
    {
      "identity" : "rearrange",
      "kind" : "remoteSourceControl",
      "location" : "https://github.com/ChimeHQ/Rearrange",
      "state" : {
        "revision" : "8f97f721d8a08c6e01ab9f7460e53819bef72dfa",
        "version" : "1.5.3"
      }
    },
    {
      "identity" : "sparkle",
      "kind" : "remoteSourceControl",
      "location" : "https://github.com/sparkle-project/Sparkle.git",
      "state" : {
        "revision" : "2a98381dfe72e24bf593c5c06d2c4fc1763c3f19",
        "version" : "2.3.0"
      }
    },
    {
      "identity" : "sttextview",
      "kind" : "remoteSourceControl",
      "location" : "https://github.com/krzyzanowskim/STTextView.git",
      "state" : {
        "revision" : "2d592df0a5712e4b94ed24079a75e01afc775210",
        "version" : "0.6.4"
      }
    },
    {
      "identity" : "swift-collections",
      "kind" : "remoteSourceControl",
      "location" : "https://github.com/apple/swift-collections.git",
      "state" : {
        "revision" : "937e904258d22af6e447a0b72c0bc67583ef64a2",
        "version" : "1.0.4"
      }
    },
    {
      "identity" : "swift-snapshot-testing",
      "kind" : "remoteSourceControl",
      "location" : "https://github.com/pointfreeco/swift-snapshot-testing.git",
      "state" : {
        "revision" : "f8a9c997c3c1dab4e216a8ec9014e23144cbab37",
        "version" : "1.9.0"
      }
    },
    {
      "identity" : "swiftlintplugin",
      "kind" : "remoteSourceControl",
      "location" : "https://github.com/lukepistrol/SwiftLintPlugin",
      "state" : {
        "revision" : "f3586ed424d7bf5d94628332fbd0edebf1f5147f",
        "version" : "0.2.3"
      }
    },
    {
      "identity" : "swiftterm",
      "kind" : "remoteSourceControl",
      "location" : "https://github.com/migueldeicaza/SwiftTerm.git",
      "state" : {
        "revision" : "55e7cdbeb3f41c80cce7b8a29ce9d17e214b2e77",
        "version" : "1.2.0"
      }
    },
    {
      "identity" : "swifttreesitter",
      "kind" : "remoteSourceControl",
      "location" : "https://github.com/ChimeHQ/SwiftTreeSitter.git",
      "state" : {
        "revision" : "df25a52f72ebc5b50ae20d26d1363793408bb28b",
        "version" : "0.7.1"
      }
    },
    {
      "identity" : "swiftui-introspect",
      "kind" : "remoteSourceControl",
      "location" : "https://github.com/siteline/SwiftUI-Introspect",
      "state" : {
        "revision" : "c18951c747ab62af7c15e17a81bd37d4fd5a9979",
        "version" : "0.2.3"
      }
    },
    {
      "identity" : "textformation",
      "kind" : "remoteSourceControl",
      "location" : "https://github.com/ChimeHQ/TextFormation",
      "state" : {
        "revision" : "f07ecbdb8daab6cdb5344a88e8685ae55a7a44c3",
        "version" : "0.6.8"
      }
    },
    {
      "identity" : "textstory",
      "kind" : "remoteSourceControl",
      "location" : "https://github.com/ChimeHQ/TextStory",
      "state" : {
        "revision" : "b7b3fc551bd0177c32b3dc46d0478e9f0b6f8c6f",
        "version" : "0.7.2"
      }
    }
  ],
  "version" : 2
}
