{
  "pins" : [
    {
      "identity" : "codeeditkit",
      "kind" : "remoteSourceControl",
      "location" : "https://github.com/CodeEditApp/CodeEditKit.git",
      "state" : {
        "revision" : "7bd380464313df30a70d1de4d1e221106f3e384a",
        "version" : "0.0.1"
      }
    },
    {
      "identity" : "codeeditlanguages",
      "kind" : "remoteSourceControl",
      "location" : "https://github.com/CodeEditApp/CodeEditLanguages.git",
      "state" : {
        "revision" : "02595fb02841568b9befcbfcdaf9be88280c49aa",
        "version" : "0.1.11"
      }
    },
    {
      "identity" : "codeeditsymbols",
      "kind" : "remoteSourceControl",
      "location" : "https://github.com/CodeEditApp/CodeEditSymbols",
      "state" : {
        "revision" : "fd704f0590489c10f28376dea2317e1b0c801024",
        "version" : "0.1.2"
      }
    },
    {
      "identity" : "codeedittextview",
      "kind" : "remoteSourceControl",
      "location" : "https://github.com/CodeEditApp/CodeEditTextView.git",
      "state" : {
        "revision" : "f4f2fcd856d28ba28b29574dd90a49ca27eb73ff",
        "version" : "0.4.0"
      }
    },
    {
      "identity" : "grdb.swift",
      "kind" : "remoteSourceControl",
      "location" : "https://github.com/groue/GRDB.swift.git",
      "state" : {
        "revision" : "15c06e037430c8a2dc570f9199dd7bf8caa21195",
        "version" : "5.22.2"
      }
    },
    {
      "identity" : "light-swift-untar",
      "kind" : "remoteSourceControl",
      "location" : "https://github.com/Light-Untar/Light-Swift-Untar.git",
      "state" : {
        "revision" : "fcff1f1b82373ea64b9565a364f63ffe7fdecf9f",
        "version" : "1.0.4"
      }
    },
    {
      "identity" : "preferences",
      "kind" : "remoteSourceControl",
      "location" : "https://github.com/sindresorhus/Preferences.git",
      "state" : {
        "revision" : "2651cd144615009242c994b087508fef99e9275c",
        "version" : "2.6.0"
      }
    },
    {
      "identity" : "rearrange",
      "kind" : "remoteSourceControl",
      "location" : "https://github.com/ChimeHQ/Rearrange",
      "state" : {
        "revision" : "8f97f721d8a08c6e01ab9f7460e53819bef72dfa",
        "version" : "1.5.3"
      }
    },
    {
      "identity" : "sparkle",
      "kind" : "remoteSourceControl",
      "location" : "https://github.com/sparkle-project/Sparkle.git",
      "state" : {
        "revision" : "2a98381dfe72e24bf593c5c06d2c4fc1763c3f19",
        "version" : "2.3.0"
      }
    },
    {
      "identity" : "sttextview",
      "kind" : "remoteSourceControl",
      "location" : "https://github.com/krzyzanowskim/STTextView.git",
      "state" : {
        "revision" : "41c7c87a552e6286ebea5f348e820b529c6f5662",
        "version" : "0.4.2"
      }
    },
    {
      "identity" : "swift-snapshot-testing",
      "kind" : "remoteSourceControl",
      "location" : "https://github.com/pointfreeco/swift-snapshot-testing.git",
      "state" : {
        "revision" : "f8a9c997c3c1dab4e216a8ec9014e23144cbab37",
        "version" : "1.9.0"
      }
    },
    {
      "identity" : "swiftlintplugin",
      "kind" : "remoteSourceControl",
      "location" : "https://github.com/lukepistrol/SwiftLintPlugin",
      "state" : {
        "revision" : "f69b412a765396d44dc9f4788a5b79919c1ca9e3",
        "version" : "0.2.2"
      }
    },
    {
      "identity" : "swiftterm",
      "kind" : "remoteSourceControl",
      "location" : "https://github.com/migueldeicaza/SwiftTerm.git",
      "state" : {
        "revision" : "70a3af884c24dff9f1beeda04e889b5591f04f3c",
        "version" : "1.0.7"
      }
    },
    {
      "identity" : "swifttreesitter",
      "kind" : "remoteSourceControl",
      "location" : "https://github.com/ChimeHQ/SwiftTreeSitter.git",
      "state" : {
        "revision" : "df25a52f72ebc5b50ae20d26d1363793408bb28b",
        "version" : "0.7.1"
      }
    },
    {
      "identity" : "textformation",
      "kind" : "remoteSourceControl",
      "location" : "https://github.com/ChimeHQ/TextFormation",
      "state" : {
        "revision" : "f07ecbdb8daab6cdb5344a88e8685ae55a7a44c3",
        "version" : "0.6.8"
      }
    },
    {
      "identity" : "textstory",
      "kind" : "remoteSourceControl",
      "location" : "https://github.com/ChimeHQ/TextStory",
      "state" : {
        "revision" : "b7b3fc551bd0177c32b3dc46d0478e9f0b6f8c6f",
        "version" : "0.7.2"
      }
    }
  ],
  "version" : 2
}
